// !$*UTF8*$!
{
	archiveVersion = 1;
	classes = {
	};
	objectVersion = 46;
	objects = {

/* Begin PBXBuildFile section */
		4B181F7C1C5324D300308B12 /* XXBase.m in Sources */ = {isa = PBXBuildFile; fileRef = 4B181F7B1C5324D300308B12 /* XXBase.m */; };
		9A6752FF1C451E8100099AF1 /* UIColorEx.m in Sources */ = {isa = PBXBuildFile; fileRef = 9A6752FE1C451E8100099AF1 /* UIColorEx.m */; };
		9A6753051C45234600099AF1 /* UIDeviceEx.m in Sources */ = {isa = PBXBuildFile; fileRef = 9A6753041C45234600099AF1 /* UIDeviceEx.m */; };
		9ADF880F1C3D42C90021D17C /* NSStringEx.m in Sources */ = {isa = PBXBuildFile; fileRef = 9ADF880A1C3D42C90021D17C /* NSStringEx.m */; };
		9ADF88101C3D42C90021D17C /* PYMethod.m in Sources */ = {isa = PBXBuildFile; fileRef = 9ADF880C1C3D42C90021D17C /* PYMethod.m */; };
		9ADF88111C3D42C90021D17C /* UIScreenEx.m in Sources */ = {isa = PBXBuildFile; fileRef = 9ADF880E1C3D42C90021D17C /* UIScreenEx.m */; };
/* End PBXBuildFile section */

/* Begin PBXContainerItemProxy section */
		9A67530A1C45287B00099AF1 /* PBXContainerItemProxy */ = {
			isa = PBXContainerItemProxy;
			containerPortal = 9AF3E9DA1C3CBC60009DDD15 /* Project object */;
			proxyType = 1;
			remoteGlobalIDString = 9ADF87F21C3D384C0021D17C;
			remoteInfo = foundationex;
		};
		9A67530C1C45287B00099AF1 /* PBXContainerItemProxy */ = {
			isa = PBXContainerItemProxy;
			containerPortal = 9AF3E9DA1C3CBC60009DDD15 /* Project object */;
			proxyType = 1;
			remoteGlobalIDString = 9ADF87FF1C3D426D0021D17C;
			remoteInfo = uikitex;
		};
/* End PBXContainerItemProxy section */

/* Begin PBXCopyFilesBuildPhase section */
		9ADF87F11C3D384C0021D17C /* CopyFiles */ = {
			isa = PBXCopyFilesBuildPhase;
			buildActionMask = 2147483647;
			dstPath = "include/$(PRODUCT_NAME)";
			dstSubfolderSpec = 16;
			files = (
			);
			runOnlyForDeploymentPostprocessing = 0;
		};
		9ADF87FE1C3D426D0021D17C /* CopyFiles */ = {
			isa = PBXCopyFilesBuildPhase;
			buildActionMask = 2147483647;
			dstPath = "include/$(PRODUCT_NAME)";
			dstSubfolderSpec = 16;
			files = (
			);
			runOnlyForDeploymentPostprocessing = 0;
		};
		9AF3E9E01C3CBC60009DDD15 /* CopyFiles */ = {
			isa = PBXCopyFilesBuildPhase;
			buildActionMask = 2147483647;
			dstPath = "include/$(PRODUCT_NAME)";
			dstSubfolderSpec = 16;
			files = (
			);
			runOnlyForDeploymentPostprocessing = 0;
		};
/* End PBXCopyFilesBuildPhase section */

/* Begin PBXFileReference section */
		4B181F7A1C5324D300308B12 /* XXBase.h */ = {isa = PBXFileReference; fileEncoding = 4; lastKnownFileType = sourcecode.c.h; path = XXBase.h; sourceTree = SOURCE_ROOT; };
		4B181F7B1C5324D300308B12 /* XXBase.m */ = {isa = PBXFileReference; fileEncoding = 4; lastKnownFileType = sourcecode.c.objc; path = XXBase.m; sourceTree = SOURCE_ROOT; };
		9A6752FD1C451E8100099AF1 /* UIColorEx.h */ = {isa = PBXFileReference; fileEncoding = 4; lastKnownFileType = sourcecode.c.h; path = UIColorEx.h; sourceTree = "<group>"; };
		9A6752FE1C451E8100099AF1 /* UIColorEx.m */ = {isa = PBXFileReference; fileEncoding = 4; lastKnownFileType = sourcecode.c.objc; path = UIColorEx.m; sourceTree = "<group>"; };
		9A6753031C45234600099AF1 /* UIDeviceEx.h */ = {isa = PBXFileReference; fileEncoding = 4; lastKnownFileType = sourcecode.c.h; path = UIDeviceEx.h; sourceTree = "<group>"; };
		9A6753041C45234600099AF1 /* UIDeviceEx.m */ = {isa = PBXFileReference; fileEncoding = 4; lastKnownFileType = sourcecode.c.objc; path = UIDeviceEx.m; sourceTree = "<group>"; };
		9ADF87F31C3D384C0021D17C /* libfoundationex.a */ = {isa = PBXFileReference; explicitFileType = archive.ar; includeInIndex = 0; path = libfoundationex.a; sourceTree = BUILT_PRODUCTS_DIR; };
		9ADF88001C3D426D0021D17C /* libuikitex.a */ = {isa = PBXFileReference; explicitFileType = archive.ar; includeInIndex = 0; path = libuikitex.a; sourceTree = BUILT_PRODUCTS_DIR; };
		9ADF88091C3D42C90021D17C /* NSStringEx.h */ = {isa = PBXFileReference; fileEncoding = 4; lastKnownFileType = sourcecode.c.h; path = NSStringEx.h; sourceTree = "<group>"; };
		9ADF880A1C3D42C90021D17C /* NSStringEx.m */ = {isa = PBXFileReference; fileEncoding = 4; lastKnownFileType = sourcecode.c.objc; path = NSStringEx.m; sourceTree = "<group>"; };
		9ADF880B1C3D42C90021D17C /* PYMethod.h */ = {isa = PBXFileReference; fileEncoding = 4; lastKnownFileType = sourcecode.c.h; path = PYMethod.h; sourceTree = "<group>"; };
		9ADF880C1C3D42C90021D17C /* PYMethod.m */ = {isa = PBXFileReference; fileEncoding = 4; lastKnownFileType = sourcecode.c.objc; path = PYMethod.m; sourceTree = "<group>"; };
		9ADF880D1C3D42C90021D17C /* UIScreenEx.h */ = {isa = PBXFileReference; fileEncoding = 4; lastKnownFileType = sourcecode.c.h; path = UIScreenEx.h; sourceTree = "<group>"; };
		9ADF880E1C3D42C90021D17C /* UIScreenEx.m */ = {isa = PBXFileReference; fileEncoding = 4; lastKnownFileType = sourcecode.c.objc; path = UIScreenEx.m; sourceTree = "<group>"; };
		9AF3020B1C43882000FA232D /* XXMacro.h */ = {isa = PBXFileReference; fileEncoding = 4; lastKnownFileType = sourcecode.c.h; path = XXMacro.h; sourceTree = "<group>"; };
		9AF3E9E21C3CBC60009DDD15 /* libXXBase.a */ = {isa = PBXFileReference; explicitFileType = archive.ar; includeInIndex = 0; path = libXXBase.a; sourceTree = BUILT_PRODUCTS_DIR; };
/* End PBXFileReference section */

/* Begin PBXFrameworksBuildPhase section */
		9ADF87F01C3D384C0021D17C /* Frameworks */ = {
			isa = PBXFrameworksBuildPhase;
			buildActionMask = 2147483647;
			files = (
			);
			runOnlyForDeploymentPostprocessing = 0;
		};
		9ADF87FD1C3D426D0021D17C /* Frameworks */ = {
			isa = PBXFrameworksBuildPhase;
			buildActionMask = 2147483647;
			files = (
			);
			runOnlyForDeploymentPostprocessing = 0;
		};
		9AF3E9DF1C3CBC60009DDD15 /* Frameworks */ = {
			isa = PBXFrameworksBuildPhase;
			buildActionMask = 2147483647;
			files = (
			);
			runOnlyForDeploymentPostprocessing = 0;
		};
/* End PBXFrameworksBuildPhase section */

/* Begin PBXGroup section */
		9ADF87F41C3D384C0021D17C /* foundationex */ = {
			isa = PBXGroup;
			children = (
				9ADF88091C3D42C90021D17C /* NSStringEx.h */,
				9ADF880A1C3D42C90021D17C /* NSStringEx.m */,
				9ADF880B1C3D42C90021D17C /* PYMethod.h */,
				9ADF880C1C3D42C90021D17C /* PYMethod.m */,
				9ADF880D1C3D42C90021D17C /* UIScreenEx.h */,
				9ADF880E1C3D42C90021D17C /* UIScreenEx.m */,
				9A6752FD1C451E8100099AF1 /* UIColorEx.h */,
				9A6752FE1C451E8100099AF1 /* UIColorEx.m */,
				9A6753031C45234600099AF1 /* UIDeviceEx.h */,
				9A6753041C45234600099AF1 /* UIDeviceEx.m */,
			);
			path = foundationex;
			sourceTree = "<group>";
		};
		9ADF88011C3D426D0021D17C /* uikitex */ = {
			isa = PBXGroup;
			children = (
			);
			path = uikitex;
			sourceTree = "<group>";
		};
		9AF3020A1C43880300FA232D /* macro */ = {
			isa = PBXGroup;
			children = (
				9AF3020B1C43882000FA232D /* XXMacro.h */,
			);
			path = macro;
			sourceTree = "<group>";
		};
		9AF3E9D91C3CBC60009DDD15 = {
			isa = PBXGroup;
			children = (
				9AF3E9E41C3CBC60009DDD15 /* XXBase */,
				9AF3020A1C43880300FA232D /* macro */,
				9ADF87F41C3D384C0021D17C /* foundationex */,
				9ADF88011C3D426D0021D17C /* uikitex */,
				9AF3E9E31C3CBC60009DDD15 /* Products */,
			);
			sourceTree = "<group>";
		};
		9AF3E9E31C3CBC60009DDD15 /* Products */ = {
			isa = PBXGroup;
			children = (
				9AF3E9E21C3CBC60009DDD15 /* libXXBase.a */,
				9ADF87F31C3D384C0021D17C /* libfoundationex.a */,
				9ADF88001C3D426D0021D17C /* libuikitex.a */,
			);
			name = Products;
			sourceTree = "<group>";
		};
		9AF3E9E41C3CBC60009DDD15 /* XXBase */ = {
			isa = PBXGroup;
			children = (
				4B181F7A1C5324D300308B12 /* XXBase.h */,
				4B181F7B1C5324D300308B12 /* XXBase.m */,
			);
			path = XXBase;
			sourceTree = "<group>";
		};
/* End PBXGroup section */

/* Begin PBXNativeTarget section */
		9ADF87F21C3D384C0021D17C /* foundationex */ = {
			isa = PBXNativeTarget;
			buildConfigurationList = 9ADF87FB1C3D384C0021D17C /* Build configuration list for PBXNativeTarget "foundationex" */;
			buildPhases = (
				9ADF87EF1C3D384C0021D17C /* Sources */,
				9ADF87F01C3D384C0021D17C /* Frameworks */,
				9ADF87F11C3D384C0021D17C /* CopyFiles */,
			);
			buildRules = (
			);
			dependencies = (
			);
			name = foundationex;
			productName = foundationex;
			productReference = 9ADF87F31C3D384C0021D17C /* libfoundationex.a */;
			productType = "com.apple.product-type.library.static";
		};
		9ADF87FF1C3D426D0021D17C /* uikitex */ = {
			isa = PBXNativeTarget;
			buildConfigurationList = 9ADF88061C3D426D0021D17C /* Build configuration list for PBXNativeTarget "uikitex" */;
			buildPhases = (
				9ADF87FC1C3D426D0021D17C /* Sources */,
				9ADF87FD1C3D426D0021D17C /* Frameworks */,
				9ADF87FE1C3D426D0021D17C /* CopyFiles */,
			);
			buildRules = (
			);
			dependencies = (
			);
			name = uikitex;
			productName = uikitex;
			productReference = 9ADF88001C3D426D0021D17C /* libuikitex.a */;
			productType = "com.apple.product-type.library.static";
		};
		9AF3E9E11C3CBC60009DDD15 /* XXBase */ = {
			isa = PBXNativeTarget;
			buildConfigurationList = 9AF3E9EB1C3CBC60009DDD15 /* Build configuration list for PBXNativeTarget "XXBase" */;
			buildPhases = (
				9AF3E9DE1C3CBC60009DDD15 /* Sources */,
				9AF3E9DF1C3CBC60009DDD15 /* Frameworks */,
				9AF3E9E01C3CBC60009DDD15 /* CopyFiles */,
			);
			buildRules = (
			);
			dependencies = (
				9A67530B1C45287B00099AF1 /* PBXTargetDependency */,
				9A67530D1C45287B00099AF1 /* PBXTargetDependency */,
			);
			name = XXBase;
			productName = XXBase;
			productReference = 9AF3E9E21C3CBC60009DDD15 /* libXXBase.a */;
			productType = "com.apple.product-type.library.static";
		};
/* End PBXNativeTarget section */

/* Begin PBXProject section */
		9AF3E9DA1C3CBC60009DDD15 /* Project object */ = {
			isa = PBXProject;
			attributes = {
				LastUpgradeCheck = 0720;
				ORGANIZATIONNAME = tomxiang;
				TargetAttributes = {
					9ADF87F21C3D384C0021D17C = {
						CreatedOnToolsVersion = 7.2;
						DevelopmentTeam = ANJ48A5GCY;
					};
					9ADF87FF1C3D426D0021D17C = {
						CreatedOnToolsVersion = 7.2;
					};
					9AF3E9E11C3CBC60009DDD15 = {
						CreatedOnToolsVersion = 7.2;
						DevelopmentTeam = ANJ48A5GCY;
					};
				};
			};
			buildConfigurationList = 9AF3E9DD1C3CBC60009DDD15 /* Build configuration list for PBXProject "XXBase" */;
			compatibilityVersion = "Xcode 3.2";
			developmentRegion = English;
			hasScannedForEncodings = 0;
			knownRegions = (
				en,
			);
			mainGroup = 9AF3E9D91C3CBC60009DDD15;
			productRefGroup = 9AF3E9E31C3CBC60009DDD15 /* Products */;
			projectDirPath = "";
			projectRoot = "";
			targets = (
				9AF3E9E11C3CBC60009DDD15 /* XXBase */,
				9ADF87F21C3D384C0021D17C /* foundationex */,
				9ADF87FF1C3D426D0021D17C /* uikitex */,
			);
		};
/* End PBXProject section */

/* Begin PBXSourcesBuildPhase section */
		9ADF87EF1C3D384C0021D17C /* Sources */ = {
			isa = PBXSourcesBuildPhase;
			buildActionMask = 2147483647;
			files = (
				9A6752FF1C451E8100099AF1 /* UIColorEx.m in Sources */,
				9ADF880F1C3D42C90021D17C /* NSStringEx.m in Sources */,
				9ADF88111C3D42C90021D17C /* UIScreenEx.m in Sources */,
				9A6753051C45234600099AF1 /* UIDeviceEx.m in Sources */,
				9ADF88101C3D42C90021D17C /* PYMethod.m in Sources */,
			);
			runOnlyForDeploymentPostprocessing = 0;
		};
		9ADF87FC1C3D426D0021D17C /* Sources */ = {
			isa = PBXSourcesBuildPhase;
			buildActionMask = 2147483647;
			files = (
			);
			runOnlyForDeploymentPostprocessing = 0;
		};
		9AF3E9DE1C3CBC60009DDD15 /* Sources */ = {
			isa = PBXSourcesBuildPhase;
			buildActionMask = 2147483647;
			files = (
				4B181F7C1C5324D300308B12 /* XXBase.m in Sources */,
			);
			runOnlyForDeploymentPostprocessing = 0;
		};
/* End PBXSourcesBuildPhase section */

/* Begin PBXTargetDependency section */
		9A67530B1C45287B00099AF1 /* PBXTargetDependency */ = {
			isa = PBXTargetDependency;
			target = 9ADF87F21C3D384C0021D17C /* foundationex */;
			targetProxy = 9A67530A1C45287B00099AF1 /* PBXContainerItemProxy */;
		};
		9A67530D1C45287B00099AF1 /* PBXTargetDependency */ = {
			isa = PBXTargetDependency;
			target = 9ADF87FF1C3D426D0021D17C /* uikitex */;
			targetProxy = 9A67530C1C45287B00099AF1 /* PBXContainerItemProxy */;
		};
/* End PBXTargetDependency section */

/* Begin XCBuildConfiguration section */
		9ADF87F91C3D384C0021D17C /* Debug */ = {
			isa = XCBuildConfiguration;
			buildSettings = {
				OTHER_LDFLAGS = "-ObjC";
				PRODUCT_NAME = "$(TARGET_NAME)";
				SKIP_INSTALL = YES;
			};
			name = Debug;
		};
		9ADF87FA1C3D384C0021D17C /* Release */ = {
			isa = XCBuildConfiguration;
			buildSettings = {
				OTHER_LDFLAGS = "-ObjC";
				PRODUCT_NAME = "$(TARGET_NAME)";
				SKIP_INSTALL = YES;
			};
			name = Release;
		};
		9ADF88071C3D426D0021D17C /* Debug */ = {
			isa = XCBuildConfiguration;
			buildSettings = {
				OTHER_LDFLAGS = "-ObjC";
				PRODUCT_NAME = "$(TARGET_NAME)";
				SKIP_INSTALL = YES;
			};
			name = Debug;
		};
		9ADF88081C3D426D0021D17C /* Release */ = {
			isa = XCBuildConfiguration;
			buildSettings = {
				OTHER_LDFLAGS = "-ObjC";
				PRODUCT_NAME = "$(TARGET_NAME)";
				SKIP_INSTALL = YES;
			};
			name = Release;
		};
		9AF3E9E91C3CBC60009DDD15 /* Debug */ = {
			isa = XCBuildConfiguration;
			buildSettings = {
				ALWAYS_SEARCH_USER_PATHS = NO;
				CLANG_CXX_LANGUAGE_STANDARD = "gnu++0x";
				CLANG_CXX_LIBRARY = "libc++";
				CLANG_ENABLE_MODULES = YES;
				CLANG_ENABLE_OBJC_ARC = YES;
				CLANG_WARN_BOOL_CONVERSION = YES;
				CLANG_WARN_CONSTANT_CONVERSION = YES;
				CLANG_WARN_DIRECT_OBJC_ISA_USAGE = YES_ERROR;
				CLANG_WARN_EMPTY_BODY = YES;
				CLANG_WARN_ENUM_CONVERSION = YES;
				CLANG_WARN_INT_CONVERSION = YES;
				CLANG_WARN_OBJC_ROOT_CLASS = YES_ERROR;
				CLANG_WARN_UNREACHABLE_CODE = YES;
				CLANG_WARN__DUPLICATE_METHOD_MATCH = YES;
				"CODE_SIGN_IDENTITY[sdk=iphoneos*]" = "iPhone Developer";
				COPY_PHASE_STRIP = NO;
				DEBUG_INFORMATION_FORMAT = dwarf;
				ENABLE_STRICT_OBJC_MSGSEND = YES;
				ENABLE_TESTABILITY = YES;
				GCC_C_LANGUAGE_STANDARD = gnu99;
				GCC_DYNAMIC_NO_PIC = NO;
				GCC_NO_COMMON_BLOCKS = YES;
				GCC_OPTIMIZATION_LEVEL = 0;
				GCC_PREPROCESSOR_DEFINITIONS = (
					"DEBUG=1",
					"$(inherited)",
				);
				GCC_WARN_64_TO_32_BIT_CONVERSION = YES;
				GCC_WARN_ABOUT_RETURN_TYPE = YES_ERROR;
				GCC_WARN_UNDECLARED_SELECTOR = YES;
				GCC_WARN_UNINITIALIZED_AUTOS = YES_AGGRESSIVE;
				GCC_WARN_UNUSED_FUNCTION = YES;
				GCC_WARN_UNUSED_VARIABLE = YES;
				IPHONEOS_DEPLOYMENT_TARGET = 8.0;
				MTL_ENABLE_DEBUG_INFO = YES;
				ONLY_ACTIVE_ARCH = YES;
				SDKROOT = iphoneos;
			};
			name = Debug;
		};
		9AF3E9EA1C3CBC60009DDD15 /* Release */ = {
			isa = XCBuildConfiguration;
			buildSettings = {
				ALWAYS_SEARCH_USER_PATHS = NO;
				CLANG_CXX_LANGUAGE_STANDARD = "gnu++0x";
				CLANG_CXX_LIBRARY = "libc++";
				CLANG_ENABLE_MODULES = YES;
				CLANG_ENABLE_OBJC_ARC = YES;
				CLANG_WARN_BOOL_CONVERSION = YES;
				CLANG_WARN_CONSTANT_CONVERSION = YES;
				CLANG_WARN_DIRECT_OBJC_ISA_USAGE = YES_ERROR;
				CLANG_WARN_EMPTY_BODY = YES;
				CLANG_WARN_ENUM_CONVERSION = YES;
				CLANG_WARN_INT_CONVERSION = YES;
				CLANG_WARN_OBJC_ROOT_CLASS = YES_ERROR;
				CLANG_WARN_UNREACHABLE_CODE = YES;
				CLANG_WARN__DUPLICATE_METHOD_MATCH = YES;
				"CODE_SIGN_IDENTITY[sdk=iphoneos*]" = "iPhone Developer";
				COPY_PHASE_STRIP = NO;
				DEBUG_INFORMATION_FORMAT = "dwarf-with-dsym";
				ENABLE_NS_ASSERTIONS = NO;
				ENABLE_STRICT_OBJC_MSGSEND = YES;
				GCC_C_LANGUAGE_STANDARD = gnu99;
				GCC_NO_COMMON_BLOCKS = YES;
				GCC_WARN_64_TO_32_BIT_CONVERSION = YES;
				GCC_WARN_ABOUT_RETURN_TYPE = YES_ERROR;
				GCC_WARN_UNDECLARED_SELECTOR = YES;
				GCC_WARN_UNINITIALIZED_AUTOS = YES_AGGRESSIVE;
				GCC_WARN_UNUSED_FUNCTION = YES;
				GCC_WARN_UNUSED_VARIABLE = YES;
				IPHONEOS_DEPLOYMENT_TARGET = 8.0;
				MTL_ENABLE_DEBUG_INFO = NO;
				SDKROOT = iphoneos;
				VALIDATE_PRODUCT = YES;
			};
			name = Release;
		};
		9AF3E9EC1C3CBC60009DDD15 /* Debug */ = {
			isa = XCBuildConfiguration;
			buildSettings = {
				HEADER_SEARCH_PATHS = "";
				OTHER_LDFLAGS = "-ObjC";
				PRODUCT_NAME = "$(TARGET_NAME)";
				SKIP_INSTALL = YES;
				USER_HEADER_SEARCH_PATHS = "";
			};
			name = Debug;
		};
		9AF3E9ED1C3CBC60009DDD15 /* Release */ = {
			isa = XCBuildConfiguration;
			buildSettings = {
				HEADER_SEARCH_PATHS = "";
				OTHER_LDFLAGS = "-ObjC";
				PRODUCT_NAME = "$(TARGET_NAME)";
				SKIP_INSTALL = YES;
				USER_HEADER_SEARCH_PATHS = "";
			};
			name = Release;
		};
/* End XCBuildConfiguration section */

/* Begin XCConfigurationList section */
		9ADF87FB1C3D384C0021D17C /* Build configuration list for PBXNativeTarget "foundationex" */ = {
			isa = XCConfigurationList;
			buildConfigurations = (
				9ADF87F91C3D384C0021D17C /* Debug */,
				9ADF87FA1C3D384C0021D17C /* Release */,
			);
			defaultConfigurationIsVisible = 0;
			defaultConfigurationName = Release;
		};
		9ADF88061C3D426D0021D17C /* Build configuration list for PBXNativeTarget "uikitex" */ = {
			isa = XCConfigurationList;
			buildConfigurations = (
				9ADF88071C3D426D0021D17C /* Debug */,
				9ADF88081C3D426D0021D17C /* Release */,
			);
			defaultConfigurationIsVisible = 0;
			defaultConfigurationName = Release;
		};
		9AF3E9DD1C3CBC60009DDD15 /* Build configuration list for PBXProject "XXBase" */ = {
			isa = XCConfigurationList;
			buildConfigurations = (
				9AF3E9E91C3CBC60009DDD15 /* Debug */,
				9AF3E9EA1C3CBC60009DDD15 /* Release */,
			);
			defaultConfigurationIsVisible = 0;
			defaultConfigurationName = Release;
		};
		9AF3E9EB1C3CBC60009DDD15 /* Build configuration list for PBXNativeTarget "XXBase" */ = {
			isa = XCConfigurationList;
			buildConfigurations = (
				9AF3E9EC1C3CBC60009DDD15 /* Debug */,
				9AF3E9ED1C3CBC60009DDD15 /* Release */,
			);
			defaultConfigurationIsVisible = 0;
			defaultConfigurationName = Release;
		};
/* End XCConfigurationList section */
	};
	rootObject = 9AF3E9DA1C3CBC60009DDD15 /* Project object */;
}
