// !$*UTF8*$!
{
	archiveVersion = 1;
	classes = {
	};
	objectVersion = 46;
	objects = {

/* Begin PBXBuildFile section */
		4B181F731C53233600308B12 /* libXXBase.a in Frameworks */ = {isa = PBXBuildFile; fileRef = 4B181F721C53233600308B12 /* libXXBase.a */; };
		4B181F771C53242500308B12 /* libAFNetworking.a in Frameworks */ = {isa = PBXBuildFile; fileRef = 4B181F741C53242500308B12 /* libAFNetworking.a */; };
		4B181F781C53242500308B12 /* libfoundationex.a in Frameworks */ = {isa = PBXBuildFile; fileRef = 4B181F751C53242500308B12 /* libfoundationex.a */; };
		9A88340B1C8AACCB00747277 /* XXTabBar.m in Sources */ = {isa = PBXBuildFile; fileRef = 9A8834021C8AACCB00747277 /* XXTabBar.m */; };
		9A88340C1C8AACCB00747277 /* XXTabBarController.m in Sources */ = {isa = PBXBuildFile; fileRef = 9A8834041C8AACCB00747277 /* XXTabBarController.m */; };
		9A88340D1C8AACCB00747277 /* XXTabBarItem.m in Sources */ = {isa = PBXBuildFile; fileRef = 9A8834061C8AACCB00747277 /* XXTabBarItem.m */; };
		9A88340E1C8AACCB00747277 /* XXNavigationController.m in Sources */ = {isa = PBXBuildFile; fileRef = 9A8834081C8AACCB00747277 /* XXNavigationController.m */; };
		9A88340F1C8AACCB00747277 /* XXViewController.m in Sources */ = {isa = PBXBuildFile; fileRef = 9A88340A1C8AACCB00747277 /* XXViewController.m */; };
		9A8834131C8AAF2700747277 /* UIView+Global.m in Sources */ = {isa = PBXBuildFile; fileRef = 9A8834121C8AAF2700747277 /* UIView+Global.m */; };
		9A8834161C8AAF6A00747277 /* UITableView+Global.m in Sources */ = {isa = PBXBuildFile; fileRef = 9A8834151C8AAF6A00747277 /* UITableView+Global.m */; };
		9A8834191C8AB29600747277 /* MineTableCell.m in Sources */ = {isa = PBXBuildFile; fileRef = 9A8834181C8AB29600747277 /* MineTableCell.m */; };
		9A88341C1C8AB3C400747277 /* MineViewModel.m in Sources */ = {isa = PBXBuildFile; fileRef = 9A88341B1C8AB3C400747277 /* MineViewModel.m */; };
		9A88341E1C8AB90A00747277 /* SettingViewController.plist in Resources */ = {isa = PBXBuildFile; fileRef = 9A88341D1C8AB90A00747277 /* SettingViewController.plist */; };
		9A8834251C8ACD8F00747277 /* XXGlobalColor.m in Sources */ = {isa = PBXBuildFile; fileRef = 9A8834241C8ACD8F00747277 /* XXGlobalColor.m */; };
		9A8834281C8ACE3400747277 /* XXThemeConfig.m in Sources */ = {isa = PBXBuildFile; fileRef = 9A8834271C8ACE3400747277 /* XXThemeConfig.m */; };
		9A88342A1C8ACF5700747277 /* DefaultThemeConfig.plist in Resources */ = {isa = PBXBuildFile; fileRef = 9A8834291C8ACF5700747277 /* DefaultThemeConfig.plist */; };
		9A88342D1C8AD4D200747277 /* UITableViewCell+Custom.m in Sources */ = {isa = PBXBuildFile; fileRef = 9A88342C1C8AD4D200747277 /* UITableViewCell+Custom.m */; };
		9AC4E2DC1C8199FF00893ABA /* FPSViewController.m in Sources */ = {isa = PBXBuildFile; fileRef = 9AC4E2DB1C8199FF00893ABA /* FPSViewController.m */; };
		9AC4E2DF1C819B7400893ABA /* FPSTableCell.m in Sources */ = {isa = PBXBuildFile; fileRef = 9AC4E2DE1C819B7400893ABA /* FPSTableCell.m */; };
		9AC4E2F11C819E5F00893ABA /* libuikit.a in Frameworks */ = {isa = PBXBuildFile; fileRef = 9AC4E2F01C819E5F00893ABA /* libuikit.a */; };
		9AC4E2F31C81B93A00893ABA /* CoreText.framework in Frameworks */ = {isa = PBXBuildFile; fileRef = 9AC4E2F21C81B93A00893ABA /* CoreText.framework */; };
		9AF3E9A81C3CBB55009DDD15 /* main.m in Sources */ = {isa = PBXBuildFile; fileRef = 9AF3E9A71C3CBB55009DDD15 /* main.m */; };
		9AF3E9AB1C3CBB55009DDD15 /* AppDelegate.m in Sources */ = {isa = PBXBuildFile; fileRef = 9AF3E9AA1C3CBB55009DDD15 /* AppDelegate.m */; };
		9AF3E9AE1C3CBB55009DDD15 /* ViewController.m in Sources */ = {isa = PBXBuildFile; fileRef = 9AF3E9AD1C3CBB55009DDD15 /* ViewController.m */; };
		9AF3E9B11C3CBB55009DDD15 /* Main.storyboard in Resources */ = {isa = PBXBuildFile; fileRef = 9AF3E9AF1C3CBB55009DDD15 /* Main.storyboard */; };
		9AF3E9B31C3CBB55009DDD15 /* Assets.xcassets in Resources */ = {isa = PBXBuildFile; fileRef = 9AF3E9B21C3CBB55009DDD15 /* Assets.xcassets */; };
		9AF3E9B61C3CBB55009DDD15 /* LaunchScreen.storyboard in Resources */ = {isa = PBXBuildFile; fileRef = 9AF3E9B41C3CBB55009DDD15 /* LaunchScreen.storyboard */; };
		9AF3E9C11C3CBB55009DDD15 /* XXKitTests.m in Sources */ = {isa = PBXBuildFile; fileRef = 9AF3E9C01C3CBB55009DDD15 /* XXKitTests.m */; };
		9AF3E9CC1C3CBB55009DDD15 /* XXKitUITests.m in Sources */ = {isa = PBXBuildFile; fileRef = 9AF3E9CB1C3CBB55009DDD15 /* XXKitUITests.m */; };
		9AF41A721C881DD600C17947 /* UIViewController+SwizzleMethod.m in Sources */ = {isa = PBXBuildFile; fileRef = 9AF41A711C881DD600C17947 /* UIViewController+SwizzleMethod.m */; settings = {COMPILER_FLAGS = "-fno-objc-arc"; }; };
		9AF41A841C8834B500C17947 /* libutility.a in Frameworks */ = {isa = PBXBuildFile; fileRef = 9AF41A831C8834B500C17947 /* libutility.a */; };
		9AF4DEF41C89688A00E4CCB0 /* NSObject+SwizzleMethod.m in Sources */ = {isa = PBXBuildFile; fileRef = 9AF4DEF31C89688A00E4CCB0 /* NSObject+SwizzleMethod.m */; settings = {COMPILER_FLAGS = "-fno-objc-arc"; }; };
		9AF4FCEA1C86DE07001304D2 /* MineViewController.m in Sources */ = {isa = PBXBuildFile; fileRef = 9AF4FCE91C86DE07001304D2 /* MineViewController.m */; };
		9AF4FCED1C86DE14001304D2 /* CallViewController.m in Sources */ = {isa = PBXBuildFile; fileRef = 9AF4FCEC1C86DE14001304D2 /* CallViewController.m */; };
		9AF4FCF11C86DFEB001304D2 /* WorldViewController.m in Sources */ = {isa = PBXBuildFile; fileRef = 9AF4FCF01C86DFEB001304D2 /* WorldViewController.m */; };
		A18F73462600C6CD5719875F /* libPods.a in Frameworks */ = {isa = PBXBuildFile; fileRef = 2AA3AC528F81E8B6AE8B0185 /* libPods.a */; };
/* End PBXBuildFile section */

/* Begin PBXContainerItemProxy section */
		9AF3E9BD1C3CBB55009DDD15 /* PBXContainerItemProxy */ = {
			isa = PBXContainerItemProxy;
			containerPortal = 9AF3E99B1C3CBB55009DDD15 /* Project object */;
			proxyType = 1;
			remoteGlobalIDString = 9AF3E9A21C3CBB55009DDD15;
			remoteInfo = XXKit;
		};
		9AF3E9C81C3CBB55009DDD15 /* PBXContainerItemProxy */ = {
			isa = PBXContainerItemProxy;
			containerPortal = 9AF3E99B1C3CBB55009DDD15 /* Project object */;
			proxyType = 1;
			remoteGlobalIDString = 9AF3E9A21C3CBB55009DDD15;
			remoteInfo = XXKit;
		};
/* End PBXContainerItemProxy section */

/* Begin PBXFileReference section */
		2AA3AC528F81E8B6AE8B0185 /* libPods.a */ = {isa = PBXFileReference; explicitFileType = archive.ar; includeInIndex = 0; path = libPods.a; sourceTree = BUILT_PRODUCTS_DIR; };
		4B181F721C53233600308B12 /* libXXBase.a */ = {isa = PBXFileReference; lastKnownFileType = archive.ar; name = libXXBase.a; path = "XXBase/build/Debug-iphoneos/libXXBase.a"; sourceTree = "<group>"; };
		4B181F741C53242500308B12 /* libAFNetworking.a */ = {isa = PBXFileReference; lastKnownFileType = archive.ar; name = libAFNetworking.a; path = "Pods/../build/Debug-iphoneos/libAFNetworking.a"; sourceTree = "<group>"; };
		4B181F751C53242500308B12 /* libfoundationex.a */ = {isa = PBXFileReference; lastKnownFileType = archive.ar; name = libfoundationex.a; path = "../../Library/Developer/Xcode/DerivedData/XXKit-hkzedohowdjljhcypvoclyixszyz/Build/Products/Debug-iphoneos/libfoundationex.a"; sourceTree = "<group>"; };
		4B181F761C53242500308B12 /* libuikitex.a */ = {isa = PBXFileReference; lastKnownFileType = archive.ar; name = libuikitex.a; path = "XXBase/build/Debug-iphoneos/libuikitex.a"; sourceTree = "<group>"; };
		9A6753061C45276500099AF1 /* libfoundationex.a */ = {isa = PBXFileReference; lastKnownFileType = archive.ar; name = libfoundationex.a; path = "../../Library/Developer/Xcode/DerivedData/XXKit-aqemxrecrwvrscebsskvnrnslqdh/Build/Products/Debug-iphoneos/libfoundationex.a"; sourceTree = "<group>"; };
		9A6753081C45283D00099AF1 /* libXXBase.a */ = {isa = PBXFileReference; lastKnownFileType = archive.ar; name = libXXBase.a; path = "../../Library/Developer/Xcode/DerivedData/XXKit-aqemxrecrwvrscebsskvnrnslqdh/Build/Products/Debug-iphoneos/libXXBase.a"; sourceTree = "<group>"; };
		9A8834011C8AACCB00747277 /* XXTabBar.h */ = {isa = PBXFileReference; fileEncoding = 4; lastKnownFileType = sourcecode.c.h; path = XXTabBar.h; sourceTree = "<group>"; };
		9A8834021C8AACCB00747277 /* XXTabBar.m */ = {isa = PBXFileReference; fileEncoding = 4; lastKnownFileType = sourcecode.c.objc; path = XXTabBar.m; sourceTree = "<group>"; };
		9A8834031C8AACCB00747277 /* XXTabBarController.h */ = {isa = PBXFileReference; fileEncoding = 4; lastKnownFileType = sourcecode.c.h; path = XXTabBarController.h; sourceTree = "<group>"; };
		9A8834041C8AACCB00747277 /* XXTabBarController.m */ = {isa = PBXFileReference; fileEncoding = 4; lastKnownFileType = sourcecode.c.objc; path = XXTabBarController.m; sourceTree = "<group>"; };
		9A8834051C8AACCB00747277 /* XXTabBarItem.h */ = {isa = PBXFileReference; fileEncoding = 4; lastKnownFileType = sourcecode.c.h; path = XXTabBarItem.h; sourceTree = "<group>"; };
		9A8834061C8AACCB00747277 /* XXTabBarItem.m */ = {isa = PBXFileReference; fileEncoding = 4; lastKnownFileType = sourcecode.c.objc; path = XXTabBarItem.m; sourceTree = "<group>"; };
		9A8834071C8AACCB00747277 /* XXNavigationController.h */ = {isa = PBXFileReference; fileEncoding = 4; lastKnownFileType = sourcecode.c.h; path = XXNavigationController.h; sourceTree = "<group>"; };
		9A8834081C8AACCB00747277 /* XXNavigationController.m */ = {isa = PBXFileReference; fileEncoding = 4; lastKnownFileType = sourcecode.c.objc; path = XXNavigationController.m; sourceTree = "<group>"; };
		9A8834091C8AACCB00747277 /* XXViewController.h */ = {isa = PBXFileReference; fileEncoding = 4; lastKnownFileType = sourcecode.c.h; path = XXViewController.h; sourceTree = "<group>"; };
		9A88340A1C8AACCB00747277 /* XXViewController.m */ = {isa = PBXFileReference; fileEncoding = 4; lastKnownFileType = sourcecode.c.objc; path = XXViewController.m; sourceTree = "<group>"; };
		9A8834111C8AAF2700747277 /* UIView+Global.h */ = {isa = PBXFileReference; fileEncoding = 4; lastKnownFileType = sourcecode.c.h; path = "UIView+Global.h"; sourceTree = "<group>"; };
		9A8834121C8AAF2700747277 /* UIView+Global.m */ = {isa = PBXFileReference; fileEncoding = 4; lastKnownFileType = sourcecode.c.objc; path = "UIView+Global.m"; sourceTree = "<group>"; };
		9A8834141C8AAF6A00747277 /* UITableView+Global.h */ = {isa = PBXFileReference; fileEncoding = 4; lastKnownFileType = sourcecode.c.h; path = "UITableView+Global.h"; sourceTree = "<group>"; };
		9A8834151C8AAF6A00747277 /* UITableView+Global.m */ = {isa = PBXFileReference; fileEncoding = 4; lastKnownFileType = sourcecode.c.objc; path = "UITableView+Global.m"; sourceTree = "<group>"; };
		9A8834171C8AB29600747277 /* MineTableCell.h */ = {isa = PBXFileReference; fileEncoding = 4; lastKnownFileType = sourcecode.c.h; path = MineTableCell.h; sourceTree = "<group>"; };
		9A8834181C8AB29600747277 /* MineTableCell.m */ = {isa = PBXFileReference; fileEncoding = 4; lastKnownFileType = sourcecode.c.objc; path = MineTableCell.m; sourceTree = "<group>"; };
		9A88341A1C8AB3C400747277 /* MineViewModel.h */ = {isa = PBXFileReference; fileEncoding = 4; lastKnownFileType = sourcecode.c.h; path = MineViewModel.h; sourceTree = "<group>"; };
		9A88341B1C8AB3C400747277 /* MineViewModel.m */ = {isa = PBXFileReference; fileEncoding = 4; lastKnownFileType = sourcecode.c.objc; path = MineViewModel.m; sourceTree = "<group>"; };
		9A88341D1C8AB90A00747277 /* SettingViewController.plist */ = {isa = PBXFileReference; fileEncoding = 4; lastKnownFileType = text.plist.xml; path = SettingViewController.plist; sourceTree = "<group>"; };
		9A8834231C8ACD8F00747277 /* XXGlobalColor.h */ = {isa = PBXFileReference; fileEncoding = 4; lastKnownFileType = sourcecode.c.h; path = XXGlobalColor.h; sourceTree = "<group>"; };
		9A8834241C8ACD8F00747277 /* XXGlobalColor.m */ = {isa = PBXFileReference; fileEncoding = 4; lastKnownFileType = sourcecode.c.objc; path = XXGlobalColor.m; sourceTree = "<group>"; };
		9A8834261C8ACE3400747277 /* XXThemeConfig.h */ = {isa = PBXFileReference; fileEncoding = 4; lastKnownFileType = sourcecode.c.h; path = XXThemeConfig.h; sourceTree = "<group>"; };
		9A8834271C8ACE3400747277 /* XXThemeConfig.m */ = {isa = PBXFileReference; fileEncoding = 4; lastKnownFileType = sourcecode.c.objc; path = XXThemeConfig.m; sourceTree = "<group>"; };
		9A8834291C8ACF5700747277 /* DefaultThemeConfig.plist */ = {isa = PBXFileReference; fileEncoding = 4; lastKnownFileType = text.plist.xml; path = DefaultThemeConfig.plist; sourceTree = "<group>"; };
		9A88342B1C8AD4D200747277 /* UITableViewCell+Custom.h */ = {isa = PBXFileReference; fileEncoding = 4; lastKnownFileType = sourcecode.c.h; path = "UITableViewCell+Custom.h"; sourceTree = "<group>"; };
		9A88342C1C8AD4D200747277 /* UITableViewCell+Custom.m */ = {isa = PBXFileReference; fileEncoding = 4; lastKnownFileType = sourcecode.c.objc; path = "UITableViewCell+Custom.m"; sourceTree = "<group>"; };
		9AC4E2DA1C8199FF00893ABA /* FPSViewController.h */ = {isa = PBXFileReference; fileEncoding = 4; lastKnownFileType = sourcecode.c.h; path = FPSViewController.h; sourceTree = "<group>"; };
		9AC4E2DB1C8199FF00893ABA /* FPSViewController.m */ = {isa = PBXFileReference; fileEncoding = 4; lastKnownFileType = sourcecode.c.objc; path = FPSViewController.m; sourceTree = "<group>"; };
		9AC4E2DD1C819B7400893ABA /* FPSTableCell.h */ = {isa = PBXFileReference; fileEncoding = 4; lastKnownFileType = sourcecode.c.h; path = FPSTableCell.h; sourceTree = "<group>"; };
		9AC4E2DE1C819B7400893ABA /* FPSTableCell.m */ = {isa = PBXFileReference; fileEncoding = 4; lastKnownFileType = sourcecode.c.objc; path = FPSTableCell.m; sourceTree = "<group>"; };
		9AC4E2F01C819E5F00893ABA /* libuikit.a */ = {isa = PBXFileReference; lastKnownFileType = archive.ar; name = libuikit.a; path = "XXBase/build/Debug-iphoneos/libuikit.a"; sourceTree = "<group>"; };
		9AC4E2F21C81B93A00893ABA /* CoreText.framework */ = {isa = PBXFileReference; lastKnownFileType = wrapper.framework; name = CoreText.framework; path = System/Library/Frameworks/CoreText.framework; sourceTree = SDKROOT; };
		9AF3E9A31C3CBB55009DDD15 /* XXKit.app */ = {isa = PBXFileReference; explicitFileType = wrapper.application; includeInIndex = 0; path = XXKit.app; sourceTree = BUILT_PRODUCTS_DIR; };
		9AF3E9A71C3CBB55009DDD15 /* main.m */ = {isa = PBXFileReference; lastKnownFileType = sourcecode.c.objc; path = main.m; sourceTree = "<group>"; };
		9AF3E9A91C3CBB55009DDD15 /* AppDelegate.h */ = {isa = PBXFileReference; lastKnownFileType = sourcecode.c.h; path = AppDelegate.h; sourceTree = "<group>"; };
		9AF3E9AA1C3CBB55009DDD15 /* AppDelegate.m */ = {isa = PBXFileReference; lastKnownFileType = sourcecode.c.objc; path = AppDelegate.m; sourceTree = "<group>"; };
		9AF3E9AC1C3CBB55009DDD15 /* ViewController.h */ = {isa = PBXFileReference; lastKnownFileType = sourcecode.c.h; path = ViewController.h; sourceTree = "<group>"; };
		9AF3E9AD1C3CBB55009DDD15 /* ViewController.m */ = {isa = PBXFileReference; lastKnownFileType = sourcecode.c.objc; path = ViewController.m; sourceTree = "<group>"; };
		9AF3E9B01C3CBB55009DDD15 /* Base */ = {isa = PBXFileReference; lastKnownFileType = file.storyboard; name = Base; path = Base.lproj/Main.storyboard; sourceTree = "<group>"; };
		9AF3E9B21C3CBB55009DDD15 /* Assets.xcassets */ = {isa = PBXFileReference; lastKnownFileType = folder.assetcatalog; path = Assets.xcassets; sourceTree = "<group>"; };
		9AF3E9B51C3CBB55009DDD15 /* Base */ = {isa = PBXFileReference; lastKnownFileType = file.storyboard; name = Base; path = Base.lproj/LaunchScreen.storyboard; sourceTree = "<group>"; };
		9AF3E9B71C3CBB55009DDD15 /* Info.plist */ = {isa = PBXFileReference; lastKnownFileType = text.plist.xml; path = Info.plist; sourceTree = "<group>"; };
		9AF3E9BC1C3CBB55009DDD15 /* XXKitTests.xctest */ = {isa = PBXFileReference; explicitFileType = wrapper.cfbundle; includeInIndex = 0; path = XXKitTests.xctest; sourceTree = BUILT_PRODUCTS_DIR; };
		9AF3E9C01C3CBB55009DDD15 /* XXKitTests.m */ = {isa = PBXFileReference; lastKnownFileType = sourcecode.c.objc; path = XXKitTests.m; sourceTree = "<group>"; };
		9AF3E9C21C3CBB55009DDD15 /* Info.plist */ = {isa = PBXFileReference; lastKnownFileType = text.plist.xml; path = Info.plist; sourceTree = "<group>"; };
		9AF3E9C71C3CBB55009DDD15 /* XXKitUITests.xctest */ = {isa = PBXFileReference; explicitFileType = wrapper.cfbundle; includeInIndex = 0; path = XXKitUITests.xctest; sourceTree = BUILT_PRODUCTS_DIR; };
		9AF3E9CB1C3CBB55009DDD15 /* XXKitUITests.m */ = {isa = PBXFileReference; lastKnownFileType = sourcecode.c.objc; path = XXKitUITests.m; sourceTree = "<group>"; };
		9AF3E9CD1C3CBB55009DDD15 /* Info.plist */ = {isa = PBXFileReference; lastKnownFileType = text.plist.xml; path = Info.plist; sourceTree = "<group>"; };
		9AF41A701C881DD600C17947 /* UIViewController+SwizzleMethod.h */ = {isa = PBXFileReference; fileEncoding = 4; lastKnownFileType = sourcecode.c.h; path = "UIViewController+SwizzleMethod.h"; sourceTree = "<group>"; };
		9AF41A711C881DD600C17947 /* UIViewController+SwizzleMethod.m */ = {isa = PBXFileReference; fileEncoding = 4; lastKnownFileType = sourcecode.c.objc; path = "UIViewController+SwizzleMethod.m"; sourceTree = "<group>"; };
		9AF41A831C8834B500C17947 /* libutility.a */ = {isa = PBXFileReference; lastKnownFileType = archive.ar; name = libutility.a; path = "../../Library/Developer/Xcode/DerivedData/XXKit-ccalcbdubkuyldedpmwohggzzjzh/Build/Products/Debug-iphoneos/libutility.a"; sourceTree = "<group>"; };
		9AF4DEF21C89688A00E4CCB0 /* NSObject+SwizzleMethod.h */ = {isa = PBXFileReference; fileEncoding = 4; lastKnownFileType = sourcecode.c.h; path = "NSObject+SwizzleMethod.h"; sourceTree = "<group>"; };
		9AF4DEF31C89688A00E4CCB0 /* NSObject+SwizzleMethod.m */ = {isa = PBXFileReference; fileEncoding = 4; lastKnownFileType = sourcecode.c.objc; path = "NSObject+SwizzleMethod.m"; sourceTree = "<group>"; };
		9AF4FCE81C86DE07001304D2 /* MineViewController.h */ = {isa = PBXFileReference; fileEncoding = 4; lastKnownFileType = sourcecode.c.h; path = MineViewController.h; sourceTree = "<group>"; };
		9AF4FCE91C86DE07001304D2 /* MineViewController.m */ = {isa = PBXFileReference; fileEncoding = 4; lastKnownFileType = sourcecode.c.objc; path = MineViewController.m; sourceTree = "<group>"; };
		9AF4FCEB1C86DE14001304D2 /* CallViewController.h */ = {isa = PBXFileReference; fileEncoding = 4; lastKnownFileType = sourcecode.c.h; path = CallViewController.h; sourceTree = "<group>"; };
		9AF4FCEC1C86DE14001304D2 /* CallViewController.m */ = {isa = PBXFileReference; fileEncoding = 4; lastKnownFileType = sourcecode.c.objc; path = CallViewController.m; sourceTree = "<group>"; };
		9AF4FCEF1C86DFEB001304D2 /* WorldViewController.h */ = {isa = PBXFileReference; fileEncoding = 4; lastKnownFileType = sourcecode.c.h; path = WorldViewController.h; sourceTree = "<group>"; };
		9AF4FCF01C86DFEB001304D2 /* WorldViewController.m */ = {isa = PBXFileReference; fileEncoding = 4; lastKnownFileType = sourcecode.c.objc; path = WorldViewController.m; sourceTree = "<group>"; };
		BBBAE1266467850FE6E768E2 /* Pods.release.xcconfig */ = {isa = PBXFileReference; includeInIndex = 1; lastKnownFileType = text.xcconfig; name = Pods.release.xcconfig; path = "Pods/Target Support Files/Pods/Pods.release.xcconfig"; sourceTree = "<group>"; };
		C6B32E2D742FAF463927253D /* Pods.debug.xcconfig */ = {isa = PBXFileReference; includeInIndex = 1; lastKnownFileType = text.xcconfig; name = Pods.debug.xcconfig; path = "Pods/Target Support Files/Pods/Pods.debug.xcconfig"; sourceTree = "<group>"; };
/* End PBXFileReference section */

/* Begin PBXFrameworksBuildPhase section */
		9AF3E9A01C3CBB55009DDD15 /* Frameworks */ = {
			isa = PBXFrameworksBuildPhase;
			buildActionMask = 2147483647;
			files = (
				9AF41A841C8834B500C17947 /* libutility.a in Frameworks */,
				9AC4E2F31C81B93A00893ABA /* CoreText.framework in Frameworks */,
				9AC4E2F11C819E5F00893ABA /* libuikit.a in Frameworks */,
				4B181F771C53242500308B12 /* libAFNetworking.a in Frameworks */,
				4B181F781C53242500308B12 /* libfoundationex.a in Frameworks */,
				4B181F731C53233600308B12 /* libXXBase.a in Frameworks */,
				A18F73462600C6CD5719875F /* libPods.a in Frameworks */,
			);
			runOnlyForDeploymentPostprocessing = 0;
		};
		9AF3E9B91C3CBB55009DDD15 /* Frameworks */ = {
			isa = PBXFrameworksBuildPhase;
			buildActionMask = 2147483647;
			files = (
			);
			runOnlyForDeploymentPostprocessing = 0;
		};
		9AF3E9C41C3CBB55009DDD15 /* Frameworks */ = {
			isa = PBXFrameworksBuildPhase;
			buildActionMask = 2147483647;
			files = (
			);
			runOnlyForDeploymentPostprocessing = 0;
		};
/* End PBXFrameworksBuildPhase section */

/* Begin PBXGroup section */
		157F5C4D49594E0D382284C2 /* Frameworks */ = {
			isa = PBXGroup;
			children = (
				9AF41A831C8834B500C17947 /* libutility.a */,
				9AC4E2F21C81B93A00893ABA /* CoreText.framework */,
				9AC4E2F01C819E5F00893ABA /* libuikit.a */,
				4B181F741C53242500308B12 /* libAFNetworking.a */,
				4B181F751C53242500308B12 /* libfoundationex.a */,
				4B181F761C53242500308B12 /* libuikitex.a */,
				4B181F721C53233600308B12 /* libXXBase.a */,
				9A6753081C45283D00099AF1 /* libXXBase.a */,
				9A6753061C45276500099AF1 /* libfoundationex.a */,
				2AA3AC528F81E8B6AE8B0185 /* libPods.a */,
			);
			name = Frameworks;
			sourceTree = "<group>";
		};
		9A8833FE1C8AACCB00747277 /* Base */ = {
			isa = PBXGroup;
			children = (
				9A8834221C8ACD8F00747277 /* Skin */,
				9A8834101C8AAE9C00747277 /* UIGlobal */,
				9A8833FF1C8AACCB00747277 /* BaseUI */,
			);
			path = Base;
			sourceTree = "<group>";
		};
		9A8833FF1C8AACCB00747277 /* BaseUI */ = {
			isa = PBXGroup;
			children = (
				9A8834001C8AACCB00747277 /* TabBar */,
				9A8834071C8AACCB00747277 /* XXNavigationController.h */,
				9A8834081C8AACCB00747277 /* XXNavigationController.m */,
				9A8834091C8AACCB00747277 /* XXViewController.h */,
				9A88340A1C8AACCB00747277 /* XXViewController.m */,
			);
			path = BaseUI;
			sourceTree = "<group>";
		};
		9A8834001C8AACCB00747277 /* TabBar */ = {
			isa = PBXGroup;
			children = (
				9A8834011C8AACCB00747277 /* XXTabBar.h */,
				9A8834021C8AACCB00747277 /* XXTabBar.m */,
				9A8834031C8AACCB00747277 /* XXTabBarController.h */,
				9A8834041C8AACCB00747277 /* XXTabBarController.m */,
				9A8834051C8AACCB00747277 /* XXTabBarItem.h */,
				9A8834061C8AACCB00747277 /* XXTabBarItem.m */,
			);
			path = TabBar;
			sourceTree = "<group>";
		};
		9A8834101C8AAE9C00747277 /* UIGlobal */ = {
			isa = PBXGroup;
			children = (
				9A8834111C8AAF2700747277 /* UIView+Global.h */,
				9A8834121C8AAF2700747277 /* UIView+Global.m */,
				9A8834141C8AAF6A00747277 /* UITableView+Global.h */,
				9A8834151C8AAF6A00747277 /* UITableView+Global.m */,
				9A88342B1C8AD4D200747277 /* UITableViewCell+Custom.h */,
				9A88342C1C8AD4D200747277 /* UITableViewCell+Custom.m */,
			);
			path = UIGlobal;
			sourceTree = "<group>";
		};
		9A8834221C8ACD8F00747277 /* Skin */ = {
			isa = PBXGroup;
			children = (
				9A8834231C8ACD8F00747277 /* XXGlobalColor.h */,
				9A8834241C8ACD8F00747277 /* XXGlobalColor.m */,
				9A8834261C8ACE3400747277 /* XXThemeConfig.h */,
				9A8834271C8ACE3400747277 /* XXThemeConfig.m */,
				9A8834291C8ACF5700747277 /* DefaultThemeConfig.plist */,
			);
			path = Skin;
			sourceTree = "<group>";
		};
		9AC4E2D91C8199FF00893ABA /* FPS */ = {
			isa = PBXGroup;
			children = (
				9AC4E2DA1C8199FF00893ABA /* FPSViewController.h */,
				9AC4E2DB1C8199FF00893ABA /* FPSViewController.m */,
				9AC4E2DD1C819B7400893ABA /* FPSTableCell.h */,
				9AC4E2DE1C819B7400893ABA /* FPSTableCell.m */,
			);
			path = FPS;
			sourceTree = "<group>";
		};
		9ADF87EE1C3D36DF0021D17C /* App */ = {
			isa = PBXGroup;
			children = (
				9AF3E9A91C3CBB55009DDD15 /* AppDelegate.h */,
				9AF3E9AA1C3CBB55009DDD15 /* AppDelegate.m */,
				9AF3E9AC1C3CBB55009DDD15 /* ViewController.h */,
				9AF3E9AD1C3CBB55009DDD15 /* ViewController.m */,
			);
			name = App;
			sourceTree = "<group>";
		};
		9AF302071C43861D00FA232D /* UI */ = {
			isa = PBXGroup;
			children = (
				9AF4FCEE1C86DFDF001304D2 /* World */,
				9AF4FCE61C86DDEF001304D2 /* Call */,
				9AF4FCE71C86DDEF001304D2 /* Mine */,
				9AC4E2D91C8199FF00893ABA /* FPS */,
			);
			path = UI;
			sourceTree = "<group>";
		};
		9AF3E99A1C3CBB55009DDD15 = {
			isa = PBXGroup;
			children = (
				9AF3E9A51C3CBB55009DDD15 /* XXKit */,
				9AF3E9BF1C3CBB55009DDD15 /* XXKitTests */,
				9AF3E9CA1C3CBB55009DDD15 /* XXKitUITests */,
				9AF3E9A41C3CBB55009DDD15 /* Products */,
				BF25314DD4D97617C2672B89 /* Pods */,
				157F5C4D49594E0D382284C2 /* Frameworks */,
			);
			sourceTree = "<group>";
		};
		9AF3E9A41C3CBB55009DDD15 /* Products */ = {
			isa = PBXGroup;
			children = (
				9AF3E9A31C3CBB55009DDD15 /* XXKit.app */,
				9AF3E9BC1C3CBB55009DDD15 /* XXKitTests.xctest */,
				9AF3E9C71C3CBB55009DDD15 /* XXKitUITests.xctest */,
			);
			name = Products;
			sourceTree = "<group>";
		};
		9AF3E9A51C3CBB55009DDD15 /* XXKit */ = {
			isa = PBXGroup;
			children = (
				9AF41A6E1C881D7A00C17947 /* Core */,
				9A8833FE1C8AACCB00747277 /* Base */,
				9AF302071C43861D00FA232D /* UI */,
				9ADF87EE1C3D36DF0021D17C /* App */,
				9AF3E9AF1C3CBB55009DDD15 /* Main.storyboard */,
				9AF3E9B21C3CBB55009DDD15 /* Assets.xcassets */,
				9AF3E9B41C3CBB55009DDD15 /* LaunchScreen.storyboard */,
				9AF3E9B71C3CBB55009DDD15 /* Info.plist */,
				9AF3E9A61C3CBB55009DDD15 /* Supporting Files */,
			);
			path = XXKit;
			sourceTree = "<group>";
		};
		9AF3E9A61C3CBB55009DDD15 /* Supporting Files */ = {
			isa = PBXGroup;
			children = (
				9AF3E9A71C3CBB55009DDD15 /* main.m */,
			);
			name = "Supporting Files";
			sourceTree = "<group>";
		};
		9AF3E9BF1C3CBB55009DDD15 /* XXKitTests */ = {
			isa = PBXGroup;
			children = (
				9AF3E9C01C3CBB55009DDD15 /* XXKitTests.m */,
				9AF3E9C21C3CBB55009DDD15 /* Info.plist */,
			);
			path = XXKitTests;
			sourceTree = "<group>";
		};
		9AF3E9CA1C3CBB55009DDD15 /* XXKitUITests */ = {
			isa = PBXGroup;
			children = (
				9AF3E9CB1C3CBB55009DDD15 /* XXKitUITests.m */,
				9AF3E9CD1C3CBB55009DDD15 /* Info.plist */,
			);
			path = XXKitUITests;
			sourceTree = "<group>";
		};
		9AF41A6E1C881D7A00C17947 /* Core */ = {
			isa = PBXGroup;
			children = (
				9AF41A6F1C881DA200C17947 /* ObjectSwizzleMethod */,
			);
			path = Core;
			sourceTree = "<group>";
		};
		9AF41A6F1C881DA200C17947 /* ObjectSwizzleMethod */ = {
			isa = PBXGroup;
			children = (
				9AF41A701C881DD600C17947 /* UIViewController+SwizzleMethod.h */,
				9AF41A711C881DD600C17947 /* UIViewController+SwizzleMethod.m */,
				9AF4DEF21C89688A00E4CCB0 /* NSObject+SwizzleMethod.h */,
				9AF4DEF31C89688A00E4CCB0 /* NSObject+SwizzleMethod.m */,
			);
			path = ObjectSwizzleMethod;
			sourceTree = "<group>";
		};
		9AF4FCE61C86DDEF001304D2 /* Call */ = {
			isa = PBXGroup;
			children = (
				9AF4FCEB1C86DE14001304D2 /* CallViewController.h */,
				9AF4FCEC1C86DE14001304D2 /* CallViewController.m */,
			);
			name = Call;
			path = XXKit/UI/Call;
			sourceTree = SOURCE_ROOT;
		};
		9AF4FCE71C86DDEF001304D2 /* Mine */ = {
			isa = PBXGroup;
			children = (
				9AF4FCE81C86DE07001304D2 /* MineViewController.h */,
				9AF4FCE91C86DE07001304D2 /* MineViewController.m */,
				9A8834171C8AB29600747277 /* MineTableCell.h */,
				9A8834181C8AB29600747277 /* MineTableCell.m */,
				9A88341A1C8AB3C400747277 /* MineViewModel.h */,
				9A88341B1C8AB3C400747277 /* MineViewModel.m */,
				9A88341D1C8AB90A00747277 /* SettingViewController.plist */,
			);
			name = Mine;
			path = XXKit/UI/Mine;
			sourceTree = SOURCE_ROOT;
		};
		9AF4FCEE1C86DFDF001304D2 /* World */ = {
			isa = PBXGroup;
			children = (
				9AF4FCEF1C86DFEB001304D2 /* WorldViewController.h */,
				9AF4FCF01C86DFEB001304D2 /* WorldViewController.m */,
			);
			path = World;
			sourceTree = "<group>";
		};
		BF25314DD4D97617C2672B89 /* Pods */ = {
			isa = PBXGroup;
			children = (
				C6B32E2D742FAF463927253D /* Pods.debug.xcconfig */,
				BBBAE1266467850FE6E768E2 /* Pods.release.xcconfig */,
			);
			name = Pods;
			sourceTree = "<group>";
		};
/* End PBXGroup section */

/* Begin PBXNativeTarget section */
		9AF3E9A21C3CBB55009DDD15 /* XXKit */ = {
			isa = PBXNativeTarget;
			buildConfigurationList = 9AF3E9D01C3CBB55009DDD15 /* Build configuration list for PBXNativeTarget "XXKit" */;
			buildPhases = (
				7E31D89AFDCD3491FEE267E0 /* Check Pods Manifest.lock */,
				9AF3E99F1C3CBB55009DDD15 /* Sources */,
				9AF3E9A01C3CBB55009DDD15 /* Frameworks */,
				9AF3E9A11C3CBB55009DDD15 /* Resources */,
				5B2AC0F32EE64C9535C18510 /* Embed Pods Frameworks */,
				493040368D74DF9AF92E4246 /* Copy Pods Resources */,
			);
			buildRules = (
			);
			dependencies = (
			);
			name = XXKit;
			productName = XXKit;
			productReference = 9AF3E9A31C3CBB55009DDD15 /* XXKit.app */;
			productType = "com.apple.product-type.application";
		};
		9AF3E9BB1C3CBB55009DDD15 /* XXKitTests */ = {
			isa = PBXNativeTarget;
			buildConfigurationList = 9AF3E9D31C3CBB55009DDD15 /* Build configuration list for PBXNativeTarget "XXKitTests" */;
			buildPhases = (
				9AF3E9B81C3CBB55009DDD15 /* Sources */,
				9AF3E9B91C3CBB55009DDD15 /* Frameworks */,
				9AF3E9BA1C3CBB55009DDD15 /* Resources */,
			);
			buildRules = (
			);
			dependencies = (
				9AF3E9BE1C3CBB55009DDD15 /* PBXTargetDependency */,
			);
			name = XXKitTests;
			productName = XXKitTests;
			productReference = 9AF3E9BC1C3CBB55009DDD15 /* XXKitTests.xctest */;
			productType = "com.apple.product-type.bundle.unit-test";
		};
		9AF3E9C61C3CBB55009DDD15 /* XXKitUITests */ = {
			isa = PBXNativeTarget;
			buildConfigurationList = 9AF3E9D61C3CBB55009DDD15 /* Build configuration list for PBXNativeTarget "XXKitUITests" */;
			buildPhases = (
				9AF3E9C31C3CBB55009DDD15 /* Sources */,
				9AF3E9C41C3CBB55009DDD15 /* Frameworks */,
				9AF3E9C51C3CBB55009DDD15 /* Resources */,
			);
			buildRules = (
			);
			dependencies = (
				9AF3E9C91C3CBB55009DDD15 /* PBXTargetDependency */,
			);
			name = XXKitUITests;
			productName = XXKitUITests;
			productReference = 9AF3E9C71C3CBB55009DDD15 /* XXKitUITests.xctest */;
			productType = "com.apple.product-type.bundle.ui-testing";
		};
/* End PBXNativeTarget section */

/* Begin PBXProject section */
		9AF3E99B1C3CBB55009DDD15 /* Project object */ = {
			isa = PBXProject;
			attributes = {
				LastUpgradeCheck = 0720;
				ORGANIZATIONNAME = tomxiang;
				TargetAttributes = {
					9AF3E9A21C3CBB55009DDD15 = {
						CreatedOnToolsVersion = 7.2;
						DevelopmentTeam = ANJ48A5GCY;
					};
					9AF3E9BB1C3CBB55009DDD15 = {
						CreatedOnToolsVersion = 7.2;
						DevelopmentTeam = ANJ48A5GCY;
						TestTargetID = 9AF3E9A21C3CBB55009DDD15;
					};
					9AF3E9C61C3CBB55009DDD15 = {
						CreatedOnToolsVersion = 7.2;
						DevelopmentTeam = ANJ48A5GCY;
						TestTargetID = 9AF3E9A21C3CBB55009DDD15;
					};
				};
			};
			buildConfigurationList = 9AF3E99E1C3CBB55009DDD15 /* Build configuration list for PBXProject "XXKit" */;
			compatibilityVersion = "Xcode 3.2";
			developmentRegion = English;
			hasScannedForEncodings = 0;
			knownRegions = (
				en,
				Base,
			);
			mainGroup = 9AF3E99A1C3CBB55009DDD15;
			productRefGroup = 9AF3E9A41C3CBB55009DDD15 /* Products */;
			projectDirPath = "";
			projectRoot = "";
			targets = (
				9AF3E9A21C3CBB55009DDD15 /* XXKit */,
				9AF3E9BB1C3CBB55009DDD15 /* XXKitTests */,
				9AF3E9C61C3CBB55009DDD15 /* XXKitUITests */,
			);
		};
/* End PBXProject section */

/* Begin PBXResourcesBuildPhase section */
		9AF3E9A11C3CBB55009DDD15 /* Resources */ = {
			isa = PBXResourcesBuildPhase;
			buildActionMask = 2147483647;
			files = (
				9AF3E9B61C3CBB55009DDD15 /* LaunchScreen.storyboard in Resources */,
				9A88342A1C8ACF5700747277 /* DefaultThemeConfig.plist in Resources */,
				9AF3E9B31C3CBB55009DDD15 /* Assets.xcassets in Resources */,
				9A88341E1C8AB90A00747277 /* SettingViewController.plist in Resources */,
				9AF3E9B11C3CBB55009DDD15 /* Main.storyboard in Resources */,
			);
			runOnlyForDeploymentPostprocessing = 0;
		};
		9AF3E9BA1C3CBB55009DDD15 /* Resources */ = {
			isa = PBXResourcesBuildPhase;
			buildActionMask = 2147483647;
			files = (
			);
			runOnlyForDeploymentPostprocessing = 0;
		};
		9AF3E9C51C3CBB55009DDD15 /* Resources */ = {
			isa = PBXResourcesBuildPhase;
			buildActionMask = 2147483647;
			files = (
			);
			runOnlyForDeploymentPostprocessing = 0;
		};
/* End PBXResourcesBuildPhase section */

/* Begin PBXShellScriptBuildPhase section */
		493040368D74DF9AF92E4246 /* Copy Pods Resources */ = {
			isa = PBXShellScriptBuildPhase;
			buildActionMask = 2147483647;
			files = (
			);
			inputPaths = (
			);
			name = "Copy Pods Resources";
			outputPaths = (
			);
			runOnlyForDeploymentPostprocessing = 0;
			shellPath = /bin/sh;
			shellScript = "\"${SRCROOT}/Pods/Target Support Files/Pods/Pods-resources.sh\"\n";
			showEnvVarsInLog = 0;
		};
		5B2AC0F32EE64C9535C18510 /* Embed Pods Frameworks */ = {
			isa = PBXShellScriptBuildPhase;
			buildActionMask = 2147483647;
			files = (
			);
			inputPaths = (
			);
			name = "Embed Pods Frameworks";
			outputPaths = (
			);
			runOnlyForDeploymentPostprocessing = 0;
			shellPath = /bin/sh;
			shellScript = "\"${SRCROOT}/Pods/Target Support Files/Pods/Pods-frameworks.sh\"\n";
			showEnvVarsInLog = 0;
		};
		7E31D89AFDCD3491FEE267E0 /* Check Pods Manifest.lock */ = {
			isa = PBXShellScriptBuildPhase;
			buildActionMask = 2147483647;
			files = (
			);
			inputPaths = (
			);
			name = "Check Pods Manifest.lock";
			outputPaths = (
			);
			runOnlyForDeploymentPostprocessing = 0;
			shellPath = /bin/sh;
			shellScript = "diff \"${PODS_ROOT}/../Podfile.lock\" \"${PODS_ROOT}/Manifest.lock\" > /dev/null\nif [[ $? != 0 ]] ; then\n    cat << EOM\nerror: The sandbox is not in sync with the Podfile.lock. Run 'pod install' or update your CocoaPods installation.\nEOM\n    exit 1\nfi\n";
			showEnvVarsInLog = 0;
		};
/* End PBXShellScriptBuildPhase section */

/* Begin PBXSourcesBuildPhase section */
		9AF3E99F1C3CBB55009DDD15 /* Sources */ = {
			isa = PBXSourcesBuildPhase;
			buildActionMask = 2147483647;
			files = (
				9A8834191C8AB29600747277 /* MineTableCell.m in Sources */,
				9AC4E2DC1C8199FF00893ABA /* FPSViewController.m in Sources */,
				9A88340B1C8AACCB00747277 /* XXTabBar.m in Sources */,
				9AF3E9AE1C3CBB55009DDD15 /* ViewController.m in Sources */,
				9A88342D1C8AD4D200747277 /* UITableViewCell+Custom.m in Sources */,
				9A88340E1C8AACCB00747277 /* XXNavigationController.m in Sources */,
				9A8834161C8AAF6A00747277 /* UITableView+Global.m in Sources */,
				9AF41A721C881DD600C17947 /* UIViewController+SwizzleMethod.m in Sources */,
				9AF3E9AB1C3CBB55009DDD15 /* AppDelegate.m in Sources */,
				9A8834281C8ACE3400747277 /* XXThemeConfig.m in Sources */,
				9A88340D1C8AACCB00747277 /* XXTabBarItem.m in Sources */,
				9A88340F1C8AACCB00747277 /* XXViewController.m in Sources */,
				9A88341C1C8AB3C400747277 /* MineViewModel.m in Sources */,
				9AC4E2DF1C819B7400893ABA /* FPSTableCell.m in Sources */,
				9AF3E9A81C3CBB55009DDD15 /* main.m in Sources */,
				9A88340C1C8AACCB00747277 /* XXTabBarController.m in Sources */,
				9AF4FCEA1C86DE07001304D2 /* MineViewController.m in Sources */,
				9AF4DEF41C89688A00E4CCB0 /* NSObject+SwizzleMethod.m in Sources */,
				9AF4FCED1C86DE14001304D2 /* CallViewController.m in Sources */,
				9AF4FCF11C86DFEB001304D2 /* WorldViewController.m in Sources */,
				9A8834251C8ACD8F00747277 /* XXGlobalColor.m in Sources */,
				9A8834131C8AAF2700747277 /* UIView+Global.m in Sources */,
			);
			runOnlyForDeploymentPostprocessing = 0;
		};
		9AF3E9B81C3CBB55009DDD15 /* Sources */ = {
			isa = PBXSourcesBuildPhase;
			buildActionMask = 2147483647;
			files = (
				9AF3E9C11C3CBB55009DDD15 /* XXKitTests.m in Sources */,
			);
			runOnlyForDeploymentPostprocessing = 0;
		};
		9AF3E9C31C3CBB55009DDD15 /* Sources */ = {
			isa = PBXSourcesBuildPhase;
			buildActionMask = 2147483647;
			files = (
				9AF3E9CC1C3CBB55009DDD15 /* XXKitUITests.m in Sources */,
			);
			runOnlyForDeploymentPostprocessing = 0;
		};
/* End PBXSourcesBuildPhase section */

/* Begin PBXTargetDependency section */
		9AF3E9BE1C3CBB55009DDD15 /* PBXTargetDependency */ = {
			isa = PBXTargetDependency;
			target = 9AF3E9A21C3CBB55009DDD15 /* XXKit */;
			targetProxy = 9AF3E9BD1C3CBB55009DDD15 /* PBXContainerItemProxy */;
		};
		9AF3E9C91C3CBB55009DDD15 /* PBXTargetDependency */ = {
			isa = PBXTargetDependency;
			target = 9AF3E9A21C3CBB55009DDD15 /* XXKit */;
			targetProxy = 9AF3E9C81C3CBB55009DDD15 /* PBXContainerItemProxy */;
		};
/* End PBXTargetDependency section */

/* Begin PBXVariantGroup section */
		9AF3E9AF1C3CBB55009DDD15 /* Main.storyboard */ = {
			isa = PBXVariantGroup;
			children = (
				9AF3E9B01C3CBB55009DDD15 /* Base */,
			);
			name = Main.storyboard;
			sourceTree = "<group>";
		};
		9AF3E9B41C3CBB55009DDD15 /* LaunchScreen.storyboard */ = {
			isa = PBXVariantGroup;
			children = (
				9AF3E9B51C3CBB55009DDD15 /* Base */,
			);
			name = LaunchScreen.storyboard;
			sourceTree = "<group>";
		};
/* End PBXVariantGroup section */

/* Begin XCBuildConfiguration section */
		9AF3E9CE1C3CBB55009DDD15 /* Debug */ = {
			isa = XCBuildConfiguration;
			buildSettings = {
				ALWAYS_SEARCH_USER_PATHS = YES;
				CLANG_CXX_LANGUAGE_STANDARD = "gnu++0x";
				CLANG_CXX_LIBRARY = "libc++";
				CLANG_ENABLE_MODULES = YES;
				CLANG_ENABLE_OBJC_ARC = YES;
				CLANG_WARN_BOOL_CONVERSION = YES;
				CLANG_WARN_CONSTANT_CONVERSION = YES;
				CLANG_WARN_DIRECT_OBJC_ISA_USAGE = YES_ERROR;
				CLANG_WARN_EMPTY_BODY = YES;
				CLANG_WARN_ENUM_CONVERSION = YES;
				CLANG_WARN_INT_CONVERSION = YES;
				CLANG_WARN_OBJC_ROOT_CLASS = YES_ERROR;
				CLANG_WARN_UNREACHABLE_CODE = YES;
				CLANG_WARN__DUPLICATE_METHOD_MATCH = YES;
				"CODE_SIGN_IDENTITY[sdk=iphoneos*]" = "iPhone Developer";
				COPY_PHASE_STRIP = NO;
				DEBUG_INFORMATION_FORMAT = dwarf;
				ENABLE_STRICT_OBJC_MSGSEND = YES;
				ENABLE_TESTABILITY = YES;
				GCC_C_LANGUAGE_STANDARD = gnu99;
				GCC_DYNAMIC_NO_PIC = NO;
				GCC_NO_COMMON_BLOCKS = YES;
				GCC_OPTIMIZATION_LEVEL = 0;
				GCC_PREPROCESSOR_DEFINITIONS = (
					"DEBUG=1",
					"$(inherited)",
				);
				GCC_WARN_64_TO_32_BIT_CONVERSION = YES;
				GCC_WARN_ABOUT_RETURN_TYPE = YES_ERROR;
				GCC_WARN_UNDECLARED_SELECTOR = YES;
				GCC_WARN_UNINITIALIZED_AUTOS = YES_AGGRESSIVE;
				GCC_WARN_UNUSED_FUNCTION = YES;
				GCC_WARN_UNUSED_VARIABLE = YES;
				HEADER_SEARCH_PATHS = "";
				IPHONEOS_DEPLOYMENT_TARGET = 8.0;
				MTL_ENABLE_DEBUG_INFO = YES;
				ONLY_ACTIVE_ARCH = YES;
				SDKROOT = iphoneos;
			};
			name = Debug;
		};
		9AF3E9CF1C3CBB55009DDD15 /* Release */ = {
			isa = XCBuildConfiguration;
			buildSettings = {
				ALWAYS_SEARCH_USER_PATHS = YES;
				CLANG_CXX_LANGUAGE_STANDARD = "gnu++0x";
				CLANG_CXX_LIBRARY = "libc++";
				CLANG_ENABLE_MODULES = YES;
				CLANG_ENABLE_OBJC_ARC = YES;
				CLANG_WARN_BOOL_CONVERSION = YES;
				CLANG_WARN_CONSTANT_CONVERSION = YES;
				CLANG_WARN_DIRECT_OBJC_ISA_USAGE = YES_ERROR;
				CLANG_WARN_EMPTY_BODY = YES;
				CLANG_WARN_ENUM_CONVERSION = YES;
				CLANG_WARN_INT_CONVERSION = YES;
				CLANG_WARN_OBJC_ROOT_CLASS = YES_ERROR;
				CLANG_WARN_UNREACHABLE_CODE = YES;
				CLANG_WARN__DUPLICATE_METHOD_MATCH = YES;
				"CODE_SIGN_IDENTITY[sdk=iphoneos*]" = "iPhone Developer";
				COPY_PHASE_STRIP = NO;
				DEBUG_INFORMATION_FORMAT = "dwarf-with-dsym";
				ENABLE_NS_ASSERTIONS = NO;
				ENABLE_STRICT_OBJC_MSGSEND = YES;
				GCC_C_LANGUAGE_STANDARD = gnu99;
				GCC_NO_COMMON_BLOCKS = YES;
				GCC_WARN_64_TO_32_BIT_CONVERSION = YES;
				GCC_WARN_ABOUT_RETURN_TYPE = YES_ERROR;
				GCC_WARN_UNDECLARED_SELECTOR = YES;
				GCC_WARN_UNINITIALIZED_AUTOS = YES_AGGRESSIVE;
				GCC_WARN_UNUSED_FUNCTION = YES;
				GCC_WARN_UNUSED_VARIABLE = YES;
				HEADER_SEARCH_PATHS = "";
				IPHONEOS_DEPLOYMENT_TARGET = 8.0;
				MTL_ENABLE_DEBUG_INFO = NO;
				SDKROOT = iphoneos;
				VALIDATE_PRODUCT = YES;
			};
			name = Release;
		};
		9AF3E9D11C3CBB55009DDD15 /* Debug */ = {
			isa = XCBuildConfiguration;
			baseConfigurationReference = C6B32E2D742FAF463927253D /* Pods.debug.xcconfig */;
			buildSettings = {
				ASSETCATALOG_COMPILER_APPICON_NAME = AppIcon;
				HEADER_SEARCH_PATHS = (
					"$(inherited)",
					"\"${PODS_ROOT}/Headers/Public\"",
					"\"${PODS_ROOT}/Headers/Public/AFNetworking\"",
					"$(PROJECT_DIR)/XXBase/XXBase/",
					"$(PROJECT_DIR)/XXBase/",
				);
				INFOPLIST_FILE = XXKit/Info.plist;
				LD_RUNPATH_SEARCH_PATHS = "$(inherited) @executable_path/Frameworks";
				LIBRARY_SEARCH_PATHS = (
					"$(inherited)",
					"$(PROJECT_DIR)/XXBase/build/Debug-iphoneos",
					"$(PROJECT_DIR)/build/Debug-iphoneos",
				);
				PRODUCT_BUNDLE_IDENTIFIER = com.tencent.mqq.XXKit;
				PRODUCT_NAME = "$(TARGET_NAME)";
			};
			name = Debug;
		};
		9AF3E9D21C3CBB55009DDD15 /* Release */ = {
			isa = XCBuildConfiguration;
			baseConfigurationReference = BBBAE1266467850FE6E768E2 /* Pods.release.xcconfig */;
			buildSettings = {
				ASSETCATALOG_COMPILER_APPICON_NAME = AppIcon;
				HEADER_SEARCH_PATHS = (
					"$(inherited)",
					"\"${PODS_ROOT}/Headers/Public\"",
					"\"${PODS_ROOT}/Headers/Public/AFNetworking\"",
					"$(PROJECT_DIR)/XXBase/XXBase/",
					"$(PROJECT_DIR)/XXBase/",
				);
				INFOPLIST_FILE = XXKit/Info.plist;
				LD_RUNPATH_SEARCH_PATHS = "$(inherited) @executable_path/Frameworks";
				LIBRARY_SEARCH_PATHS = (
					"$(inherited)",
					"$(PROJECT_DIR)/XXBase/build/Debug-iphoneos",
					"$(PROJECT_DIR)/build/Debug-iphoneos",
				);
				PRODUCT_BUNDLE_IDENTIFIER = com.tencent.mqq.XXKit;
				PRODUCT_NAME = "$(TARGET_NAME)";
			};
			name = Release;
		};
		9AF3E9D41C3CBB55009DDD15 /* Debug */ = {
			isa = XCBuildConfiguration;
			buildSettings = {
				BUNDLE_LOADER = "$(TEST_HOST)";
				INFOPLIST_FILE = XXKitTests/Info.plist;
				LD_RUNPATH_SEARCH_PATHS = "$(inherited) @executable_path/Frameworks @loader_path/Frameworks";
				PRODUCT_BUNDLE_IDENTIFIER = com.tencent.mqq.XXKitTests;
				PRODUCT_NAME = "$(TARGET_NAME)";
				TEST_HOST = "$(BUILT_PRODUCTS_DIR)/XXKit.app/XXKit";
			};
			name = Debug;
		};
		9AF3E9D51C3CBB55009DDD15 /* Release */ = {
			isa = XCBuildConfiguration;
			buildSettings = {
				BUNDLE_LOADER = "$(TEST_HOST)";
				INFOPLIST_FILE = XXKitTests/Info.plist;
				LD_RUNPATH_SEARCH_PATHS = "$(inherited) @executable_path/Frameworks @loader_path/Frameworks";
				PRODUCT_BUNDLE_IDENTIFIER = com.tencent.mqq.XXKitTests;
				PRODUCT_NAME = "$(TARGET_NAME)";
				TEST_HOST = "$(BUILT_PRODUCTS_DIR)/XXKit.app/XXKit";
			};
			name = Release;
		};
		9AF3E9D71C3CBB55009DDD15 /* Debug */ = {
			isa = XCBuildConfiguration;
			buildSettings = {
				INFOPLIST_FILE = XXKitUITests/Info.plist;
				LD_RUNPATH_SEARCH_PATHS = "$(inherited) @executable_path/Frameworks @loader_path/Frameworks";
				PRODUCT_BUNDLE_IDENTIFIER = com.tencent.mqq.XXKitUITests;
				PRODUCT_NAME = "$(TARGET_NAME)";
				TEST_TARGET_NAME = XXKit;
				USES_XCTRUNNER = YES;
			};
			name = Debug;
		};
		9AF3E9D81C3CBB55009DDD15 /* Release */ = {
			isa = XCBuildConfiguration;
			buildSettings = {
				INFOPLIST_FILE = XXKitUITests/Info.plist;
				LD_RUNPATH_SEARCH_PATHS = "$(inherited) @executable_path/Frameworks @loader_path/Frameworks";
				PRODUCT_BUNDLE_IDENTIFIER = com.tencent.mqq.XXKitUITests;
				PRODUCT_NAME = "$(TARGET_NAME)";
				TEST_TARGET_NAME = XXKit;
				USES_XCTRUNNER = YES;
			};
			name = Release;
		};
/* End XCBuildConfiguration section */

/* Begin XCConfigurationList section */
		9AF3E99E1C3CBB55009DDD15 /* Build configuration list for PBXProject "XXKit" */ = {
			isa = XCConfigurationList;
			buildConfigurations = (
				9AF3E9CE1C3CBB55009DDD15 /* Debug */,
				9AF3E9CF1C3CBB55009DDD15 /* Release */,
			);
			defaultConfigurationIsVisible = 0;
			defaultConfigurationName = Release;
		};
		9AF3E9D01C3CBB55009DDD15 /* Build configuration list for PBXNativeTarget "XXKit" */ = {
			isa = XCConfigurationList;
			buildConfigurations = (
				9AF3E9D11C3CBB55009DDD15 /* Debug */,
				9AF3E9D21C3CBB55009DDD15 /* Release */,
			);
			defaultConfigurationIsVisible = 0;
			defaultConfigurationName = Release;
		};
		9AF3E9D31C3CBB55009DDD15 /* Build configuration list for PBXNativeTarget "XXKitTests" */ = {
			isa = XCConfigurationList;
			buildConfigurations = (
				9AF3E9D41C3CBB55009DDD15 /* Debug */,
				9AF3E9D51C3CBB55009DDD15 /* Release */,
			);
			defaultConfigurationIsVisible = 0;
			defaultConfigurationName = Release;
		};
		9AF3E9D61C3CBB55009DDD15 /* Build configuration list for PBXNativeTarget "XXKitUITests" */ = {
			isa = XCConfigurationList;
			buildConfigurations = (
				9AF3E9D71C3CBB55009DDD15 /* Debug */,
				9AF3E9D81C3CBB55009DDD15 /* Release */,
			);
			defaultConfigurationIsVisible = 0;
			defaultConfigurationName = Release;
		};
/* End XCConfigurationList section */
	};
	rootObject = 9AF3E99B1C3CBB55009DDD15 /* Project object */;
}
