// !$*UTF8*$!
{
	archiveVersion = 1;
	classes = {
	};
	objectVersion = 46;
	objects = {

/* Begin PBXBuildFile section */
		4B181F731C53233600308B12 /* libXXBase.a in Frameworks */ = {isa = PBXBuildFile; fileRef = 4B181F721C53233600308B12 /* libXXBase.a */; };
		4B181F771C53242500308B12 /* libAFNetworking.a in Frameworks */ = {isa = PBXBuildFile; fileRef = 4B181F741C53242500308B12 /* libAFNetworking.a */; };
		4B181F781C53242500308B12 /* libfoundationex.a in Frameworks */ = {isa = PBXBuildFile; fileRef = 4B181F751C53242500308B12 /* libfoundationex.a */; };
		9A176B261CA6CA2F00807EF3 /* Contents.json in Resources */ = {isa = PBXBuildFile; fileRef = 9A1767DB1CA6CA2E00807EF3 /* Contents.json */; };
		9A176B271CA6CA2F00807EF3 /* Icon-60@2x.png in Resources */ = {isa = PBXBuildFile; fileRef = 9A1767DC1CA6CA2E00807EF3 /* Icon-60@2x.png */; };
		9A176B281CA6CA2F00807EF3 /* Icon-60@3x.png in Resources */ = {isa = PBXBuildFile; fileRef = 9A1767DD1CA6CA2E00807EF3 /* Icon-60@3x.png */; };
		9A176B291CA6CA2F00807EF3 /* Contents.json in Resources */ = {isa = PBXBuildFile; fileRef = 9A1767DF1CA6CA2E00807EF3 /* Contents.json */; };
		9A176B2A1CA6CA2F00807EF3 /* Contents.json in Resources */ = {isa = PBXBuildFile; fileRef = 9A1767E11CA6CA2E00807EF3 /* Contents.json */; };
		9A176B2B1CA6CA2F00807EF3 /* Contents.json in Resources */ = {isa = PBXBuildFile; fileRef = 9A1767E31CA6CA2E00807EF3 /* Contents.json */; };
		9A176B2C1CA6CA2F00807EF3 /* RecordingBkg@2x.png in Resources */ = {isa = PBXBuildFile; fileRef = 9A1767E41CA6CA2E00807EF3 /* RecordingBkg@2x.png */; };
		9A176B2D1CA6CA2F00807EF3 /* RecordingBkg@3x.png in Resources */ = {isa = PBXBuildFile; fileRef = 9A1767E51CA6CA2E00807EF3 /* RecordingBkg@3x.png */; };
		9A176B2E1CA6CA2F00807EF3 /* Contents.json in Resources */ = {isa = PBXBuildFile; fileRef = 9A1767E71CA6CA2E00807EF3 /* Contents.json */; };
		9A176B2F1CA6CA2F00807EF3 /* table_arrow@2x.png in Resources */ = {isa = PBXBuildFile; fileRef = 9A1767E81CA6CA2E00807EF3 /* table_arrow@2x.png */; };
		9A176B301CA6CA2F00807EF3 /* Contents.json in Resources */ = {isa = PBXBuildFile; fileRef = 9A1767EA1CA6CA2E00807EF3 /* Contents.json */; };
		9A176B311CA6CA2F00807EF3 /* user_avatar_default@2x.png in Resources */ = {isa = PBXBuildFile; fileRef = 9A1767EB1CA6CA2E00807EF3 /* user_avatar_default@2x.png */; };
		9A176B321CA6CA2F00807EF3 /* Contents.json in Resources */ = {isa = PBXBuildFile; fileRef = 9A1767ED1CA6CA2E00807EF3 /* Contents.json */; };
		9A176B331CA6CA2F00807EF3 /* VoiceSearchIcon@2x.png in Resources */ = {isa = PBXBuildFile; fileRef = 9A1767EE1CA6CA2E00807EF3 /* VoiceSearchIcon@2x.png */; };
		9A176B341CA6CA2F00807EF3 /* Contents.json in Resources */ = {isa = PBXBuildFile; fileRef = 9A1767F01CA6CA2E00807EF3 /* Contents.json */; };
		9A176B351CA6CA2F00807EF3 /* VoiceSearchIconHL@2x.png in Resources */ = {isa = PBXBuildFile; fileRef = 9A1767F11CA6CA2E00807EF3 /* VoiceSearchIconHL@2x.png */; };
		9A176B361CA6CA2F00807EF3 /* Contents.json in Resources */ = {isa = PBXBuildFile; fileRef = 9A1767F31CA6CA2E00807EF3 /* Contents.json */; };
		9A176B371CA6CA2F00807EF3 /* VoiceSearchStartBtn@2x.png in Resources */ = {isa = PBXBuildFile; fileRef = 9A1767F41CA6CA2E00807EF3 /* VoiceSearchStartBtn@2x.png */; };
		9A176B381CA6CA2F00807EF3 /* Contents.json in Resources */ = {isa = PBXBuildFile; fileRef = 9A1767F61CA6CA2E00807EF3 /* Contents.json */; };
		9A176B391CA6CA2F00807EF3 /* VoiceSearchStartBtnHL@2x.png in Resources */ = {isa = PBXBuildFile; fileRef = 9A1767F71CA6CA2E00807EF3 /* VoiceSearchStartBtnHL@2x.png */; };
		9A176D9D1CA6CCCF00807EF3 /* DJICameraIPhoneHandler.m in Sources */ = {isa = PBXBuildFile; fileRef = 9A176D801CA6CCCF00807EF3 /* DJICameraIPhoneHandler.m */; };
		9A176D9E1CA6CCCF00807EF3 /* DJIIPhoneCameraModel.m in Sources */ = {isa = PBXBuildFile; fileRef = 9A176D821CA6CCCF00807EF3 /* DJIIPhoneCameraModel.m */; };
		9A176D9F1CA6CCCF00807EF3 /* DJIIPhoneCameraView.m in Sources */ = {isa = PBXBuildFile; fileRef = 9A176D841CA6CCCF00807EF3 /* DJIIPhoneCameraView.m */; };
		9A176DA21CA6CCCF00807EF3 /* OSMOIPhoneViewController.m in Sources */ = {isa = PBXBuildFile; fileRef = 9A176D8C1CA6CCCF00807EF3 /* OSMOIPhoneViewController.m */; };
		9A176DA41CA6CCCF00807EF3 /* OSMOIPhoneHandler.m in Sources */ = {isa = PBXBuildFile; fileRef = 9A176D901CA6CCCF00807EF3 /* OSMOIPhoneHandler.m */; };
		9A176DA91CA6CCCF00807EF3 /* OSMOCaptureToolView.m in Sources */ = {isa = PBXBuildFile; fileRef = 9A176D991CA6CCCF00807EF3 /* OSMOCaptureToolView.m */; };
		9A176DC01CA6D0F800807EF3 /* OSMOPhoneController.m in Sources */ = {isa = PBXBuildFile; fileRef = 9A176DB11CA6D0F800807EF3 /* OSMOPhoneController.m */; };
		9A176DC11CA6D0F800807EF3 /* OSMOPhoneEvent.m in Sources */ = {isa = PBXBuildFile; fileRef = 9A176DB41CA6D0F800807EF3 /* OSMOPhoneEvent.m */; };
		9A176DC21CA6D0F800807EF3 /* OSMOPhoneModel.m in Sources */ = {isa = PBXBuildFile; fileRef = 9A176DB71CA6D0F800807EF3 /* OSMOPhoneModel.m */; };
		9A176DC31CA6D0F800807EF3 /* OSMOPhoneView.m in Sources */ = {isa = PBXBuildFile; fileRef = 9A176DBA1CA6D0F800807EF3 /* OSMOPhoneView.m */; };
		9A176DC41CA6D0F800807EF3 /* OSMOPhoneView_landscape.xib in Resources */ = {isa = PBXBuildFile; fileRef = 9A176DBB1CA6D0F800807EF3 /* OSMOPhoneView_landscape.xib */; };
		9A176DC51CA6D0F800807EF3 /* OSMOPhoneView_potrait.xib in Resources */ = {isa = PBXBuildFile; fileRef = 9A176DBC1CA6D0F800807EF3 /* OSMOPhoneView_potrait.xib */; };
		9A176DC61CA6D0F800807EF3 /* OSMOPhoneViewModel.m in Sources */ = {isa = PBXBuildFile; fileRef = 9A176DBF1CA6D0F800807EF3 /* OSMOPhoneViewModel.m */; };
		9A25352A1CABA6A0002ACFD3 /* OSMORightSettingView.m in Sources */ = {isa = PBXBuildFile; fileRef = 9A2535291CABA6A0002ACFD3 /* OSMORightSettingView.m */; };
		9A2535371CABEE0E002ACFD3 /* OSMOStateButton.m in Sources */ = {isa = PBXBuildFile; fileRef = 9A2535361CABEE0E002ACFD3 /* OSMOStateButton.m */; };
		9A25353A1CAC08F5002ACFD3 /* OSMOEventAction.m in Sources */ = {isa = PBXBuildFile; fileRef = 9A2535391CAC08F5002ACFD3 /* OSMOEventAction.m */; };
		9A5190C21CA9001B0091FAD2 /* OSMOCaptureToolView.xib in Resources */ = {isa = PBXBuildFile; fileRef = 9A5190C11CA9001B0091FAD2 /* OSMOCaptureToolView.xib */; };
		9A5A75C91CA27E0A009E3A1E /* AVFoundation.framework in Frameworks */ = {isa = PBXBuildFile; fileRef = 9A5A75C81CA27E0A009E3A1E /* AVFoundation.framework */; };
		9A7053721CA922C900501A72 /* OSMOView.m in Sources */ = {isa = PBXBuildFile; fileRef = 9A7053711CA922C900501A72 /* OSMOView.m */; };
		9A7053811CA96D4F00501A72 /* OSMOModeView.m in Sources */ = {isa = PBXBuildFile; fileRef = 9A70537C1CA96D4F00501A72 /* OSMOModeView.m */; };
		9A7053821CA96D4F00501A72 /* OSMOPhotoVideoView.m in Sources */ = {isa = PBXBuildFile; fileRef = 9A70537E1CA96D4F00501A72 /* OSMOPhotoVideoView.m */; };
		9A7053831CA96D4F00501A72 /* OSMOSwitchView.m in Sources */ = {isa = PBXBuildFile; fileRef = 9A7053801CA96D4F00501A72 /* OSMOSwitchView.m */; };
		9A7053861CA96DBD00501A72 /* OSMOSwapCaptureView.m in Sources */ = {isa = PBXBuildFile; fileRef = 9A7053851CA96DBD00501A72 /* OSMOSwapCaptureView.m */; };
		9A7053891CA96E3F00501A72 /* OSMOPlayBackView.m in Sources */ = {isa = PBXBuildFile; fileRef = 9A7053881CA96E3F00501A72 /* OSMOPlayBackView.m */; };
		9A88340B1C8AACCB00747277 /* XXTabBar.m in Sources */ = {isa = PBXBuildFile; fileRef = 9A8834021C8AACCB00747277 /* XXTabBar.m */; };
		9A88340C1C8AACCB00747277 /* XXTabBarController.m in Sources */ = {isa = PBXBuildFile; fileRef = 9A8834041C8AACCB00747277 /* XXTabBarController.m */; };
		9A88340D1C8AACCB00747277 /* XXTabBarItem.m in Sources */ = {isa = PBXBuildFile; fileRef = 9A8834061C8AACCB00747277 /* XXTabBarItem.m */; };
		9A88340E1C8AACCB00747277 /* XXNavigationController.m in Sources */ = {isa = PBXBuildFile; fileRef = 9A8834081C8AACCB00747277 /* XXNavigationController.m */; };
		9A88340F1C8AACCB00747277 /* XXViewController.m in Sources */ = {isa = PBXBuildFile; fileRef = 9A88340A1C8AACCB00747277 /* XXViewController.m */; };
		9A8834131C8AAF2700747277 /* UIView+Global.m in Sources */ = {isa = PBXBuildFile; fileRef = 9A8834121C8AAF2700747277 /* UIView+Global.m */; };
		9A8834161C8AAF6A00747277 /* UITableView+Global.m in Sources */ = {isa = PBXBuildFile; fileRef = 9A8834151C8AAF6A00747277 /* UITableView+Global.m */; };
		9A8834251C8ACD8F00747277 /* XXGlobalColor.m in Sources */ = {isa = PBXBuildFile; fileRef = 9A8834241C8ACD8F00747277 /* XXGlobalColor.m */; };
		9A8834281C8ACE3400747277 /* XXThemeConfig.m in Sources */ = {isa = PBXBuildFile; fileRef = 9A8834271C8ACE3400747277 /* XXThemeConfig.m */; };
		9A88342A1C8ACF5700747277 /* DefaultThemeConfig.plist in Resources */ = {isa = PBXBuildFile; fileRef = 9A8834291C8ACF5700747277 /* DefaultThemeConfig.plist */; };
		9A88342D1C8AD4D200747277 /* UITableViewCell+Custom.m in Sources */ = {isa = PBXBuildFile; fileRef = 9A88342C1C8AD4D200747277 /* UITableViewCell+Custom.m */; };
		9AC4E2F11C819E5F00893ABA /* libuikit.a in Frameworks */ = {isa = PBXBuildFile; fileRef = 9AC4E2F01C819E5F00893ABA /* libuikit.a */; };
		9AC4E2F31C81B93A00893ABA /* CoreText.framework in Frameworks */ = {isa = PBXBuildFile; fileRef = 9AC4E2F21C81B93A00893ABA /* CoreText.framework */; };
		9AF0BCA01C97E79300B602C6 /* ContactsViewController.m in Sources */ = {isa = PBXBuildFile; fileRef = 9AF0BC9D1C97E79300B602C6 /* ContactsViewController.m */; };
		9AF0BCA71C97E9AF00B602C6 /* ContactViewModel.m in Sources */ = {isa = PBXBuildFile; fileRef = 9AF0BCA61C97E9AF00B602C6 /* ContactViewModel.m */; };
		9AF0BCA91C97FC8900B602C6 /* ContactConfig.plist in Resources */ = {isa = PBXBuildFile; fileRef = 9AF0BCA81C97FC8900B602C6 /* ContactConfig.plist */; };
		9AF2A2BF1C8FD894005FE17F /* DiscoverViewController.m in Sources */ = {isa = PBXBuildFile; fileRef = 9AF2A2B01C8FD893005FE17F /* DiscoverViewController.m */; };
		9AF2A2C31C8FD894005FE17F /* MineViewController.m in Sources */ = {isa = PBXBuildFile; fileRef = 9AF2A2BA1C8FD894005FE17F /* MineViewController.m */; };
		9AF2A2C51C8FD894005FE17F /* SettingViewController.plist in Resources */ = {isa = PBXBuildFile; fileRef = 9AF2A2BD1C8FD894005FE17F /* SettingViewController.plist */; };
		9AF2A2E41C9003C1005FE17F /* DiscoverViewController.plist in Resources */ = {isa = PBXBuildFile; fileRef = 9AF2A2E31C9003C1005FE17F /* DiscoverViewController.plist */; };
		9AF2A2E81C9009AD005FE17F /* XXBaseViewController.m in Sources */ = {isa = PBXBuildFile; fileRef = 9AF2A2E71C9009AD005FE17F /* XXBaseViewController.m */; };
		9AF2A2EB1C9009D2005FE17F /* XXBaseTableCell.m in Sources */ = {isa = PBXBuildFile; fileRef = 9AF2A2EA1C9009D2005FE17F /* XXBaseTableCell.m */; };
		9AF2A2EE1C900CEA005FE17F /* XXBaseViewModel.m in Sources */ = {isa = PBXBuildFile; fileRef = 9AF2A2ED1C900CEA005FE17F /* XXBaseViewModel.m */; };
		9AF3E9A81C3CBB55009DDD15 /* main.m in Sources */ = {isa = PBXBuildFile; fileRef = 9AF3E9A71C3CBB55009DDD15 /* main.m */; };
		9AF3E9AB1C3CBB55009DDD15 /* AppDelegate.m in Sources */ = {isa = PBXBuildFile; fileRef = 9AF3E9AA1C3CBB55009DDD15 /* AppDelegate.m */; };
		9AF3E9AE1C3CBB55009DDD15 /* ViewController.m in Sources */ = {isa = PBXBuildFile; fileRef = 9AF3E9AD1C3CBB55009DDD15 /* ViewController.m */; };
		9AF3E9B11C3CBB55009DDD15 /* Main.storyboard in Resources */ = {isa = PBXBuildFile; fileRef = 9AF3E9AF1C3CBB55009DDD15 /* Main.storyboard */; };
		9AF3E9B31C3CBB55009DDD15 /* Assets.xcassets in Resources */ = {isa = PBXBuildFile; fileRef = 9AF3E9B21C3CBB55009DDD15 /* Assets.xcassets */; };
		9AF3E9B61C3CBB55009DDD15 /* LaunchScreen.storyboard in Resources */ = {isa = PBXBuildFile; fileRef = 9AF3E9B41C3CBB55009DDD15 /* LaunchScreen.storyboard */; };
		9AF3E9C11C3CBB55009DDD15 /* XXKitTests.m in Sources */ = {isa = PBXBuildFile; fileRef = 9AF3E9C01C3CBB55009DDD15 /* XXKitTests.m */; };
		9AF3E9CC1C3CBB55009DDD15 /* XXKitUITests.m in Sources */ = {isa = PBXBuildFile; fileRef = 9AF3E9CB1C3CBB55009DDD15 /* XXKitUITests.m */; };
		9AF41A721C881DD600C17947 /* UIViewController+SwizzleMethod.m in Sources */ = {isa = PBXBuildFile; fileRef = 9AF41A711C881DD600C17947 /* UIViewController+SwizzleMethod.m */; settings = {COMPILER_FLAGS = "-fno-objc-arc"; }; };
		9AF41A841C8834B500C17947 /* libutility.a in Frameworks */ = {isa = PBXBuildFile; fileRef = 9AF41A831C8834B500C17947 /* libutility.a */; };
		9AF4DEF41C89688A00E4CCB0 /* NSObject+SwizzleMethod.m in Sources */ = {isa = PBXBuildFile; fileRef = 9AF4DEF31C89688A00E4CCB0 /* NSObject+SwizzleMethod.m */; settings = {COMPILER_FLAGS = "-fno-objc-arc"; }; };
		9AF5234F1C91638400A59967 /* HomeViewController.m in Sources */ = {isa = PBXBuildFile; fileRef = 9AF523461C91638400A59967 /* HomeViewController.m */; };
		9AF523501C91638400A59967 /* SDAnalogDataGenerator.m in Sources */ = {isa = PBXBuildFile; fileRef = 9AF523491C91638400A59967 /* SDAnalogDataGenerator.m */; };
		9AF523511C91638400A59967 /* XXMessageModel.m in Sources */ = {isa = PBXBuildFile; fileRef = 9AF5234B1C91638400A59967 /* XXMessageModel.m */; };
		9AF523521C91638400A59967 /* HomeTableCell.m in Sources */ = {isa = PBXBuildFile; fileRef = 9AF5234E1C91638400A59967 /* HomeTableCell.m */; };
		A18F73462600C6CD5719875F /* libPods.a in Frameworks */ = {isa = PBXBuildFile; fileRef = 2AA3AC528F81E8B6AE8B0185 /* libPods.a */; };
/* End PBXBuildFile section */

/* Begin PBXContainerItemProxy section */
		9AF3E9BD1C3CBB55009DDD15 /* PBXContainerItemProxy */ = {
			isa = PBXContainerItemProxy;
			containerPortal = 9AF3E99B1C3CBB55009DDD15 /* Project object */;
			proxyType = 1;
			remoteGlobalIDString = 9AF3E9A21C3CBB55009DDD15;
			remoteInfo = XXKit;
		};
		9AF3E9C81C3CBB55009DDD15 /* PBXContainerItemProxy */ = {
			isa = PBXContainerItemProxy;
			containerPortal = 9AF3E99B1C3CBB55009DDD15 /* Project object */;
			proxyType = 1;
			remoteGlobalIDString = 9AF3E9A21C3CBB55009DDD15;
			remoteInfo = XXKit;
		};
/* End PBXContainerItemProxy section */

/* Begin PBXFileReference section */
		2AA3AC528F81E8B6AE8B0185 /* libPods.a */ = {isa = PBXFileReference; explicitFileType = archive.ar; includeInIndex = 0; path = libPods.a; sourceTree = BUILT_PRODUCTS_DIR; };
		4B181F721C53233600308B12 /* libXXBase.a */ = {isa = PBXFileReference; lastKnownFileType = archive.ar; name = libXXBase.a; path = "XXBase/build/Debug-iphoneos/libXXBase.a"; sourceTree = "<group>"; };
		4B181F741C53242500308B12 /* libAFNetworking.a */ = {isa = PBXFileReference; lastKnownFileType = archive.ar; name = libAFNetworking.a; path = "Pods/../build/Debug-iphoneos/libAFNetworking.a"; sourceTree = "<group>"; };
		4B181F751C53242500308B12 /* libfoundationex.a */ = {isa = PBXFileReference; lastKnownFileType = archive.ar; name = libfoundationex.a; path = "../../Library/Developer/Xcode/DerivedData/XXKit-hkzedohowdjljhcypvoclyixszyz/Build/Products/Debug-iphoneos/libfoundationex.a"; sourceTree = "<group>"; };
		4B181F761C53242500308B12 /* libuikitex.a */ = {isa = PBXFileReference; lastKnownFileType = archive.ar; name = libuikitex.a; path = "XXBase/build/Debug-iphoneos/libuikitex.a"; sourceTree = "<group>"; };
		9A1767DB1CA6CA2E00807EF3 /* Contents.json */ = {isa = PBXFileReference; fileEncoding = 4; lastKnownFileType = text.json; path = Contents.json; sourceTree = "<group>"; };
		9A1767DC1CA6CA2E00807EF3 /* Icon-60@2x.png */ = {isa = PBXFileReference; lastKnownFileType = image.png; path = "Icon-60@2x.png"; sourceTree = "<group>"; };
		9A1767DD1CA6CA2E00807EF3 /* Icon-60@3x.png */ = {isa = PBXFileReference; lastKnownFileType = image.png; path = "Icon-60@3x.png"; sourceTree = "<group>"; };
		9A1767DF1CA6CA2E00807EF3 /* Contents.json */ = {isa = PBXFileReference; fileEncoding = 4; lastKnownFileType = text.json; path = Contents.json; sourceTree = "<group>"; };
		9A1767E11CA6CA2E00807EF3 /* Contents.json */ = {isa = PBXFileReference; fileEncoding = 4; lastKnownFileType = text.json; path = Contents.json; sourceTree = "<group>"; };
		9A1767E31CA6CA2E00807EF3 /* Contents.json */ = {isa = PBXFileReference; fileEncoding = 4; lastKnownFileType = text.json; path = Contents.json; sourceTree = "<group>"; };
		9A1767E41CA6CA2E00807EF3 /* RecordingBkg@2x.png */ = {isa = PBXFileReference; lastKnownFileType = image.png; path = "RecordingBkg@2x.png"; sourceTree = "<group>"; };
		9A1767E51CA6CA2E00807EF3 /* RecordingBkg@3x.png */ = {isa = PBXFileReference; lastKnownFileType = image.png; path = "RecordingBkg@3x.png"; sourceTree = "<group>"; };
		9A1767E71CA6CA2E00807EF3 /* Contents.json */ = {isa = PBXFileReference; fileEncoding = 4; lastKnownFileType = text.json; path = Contents.json; sourceTree = "<group>"; };
		9A1767E81CA6CA2E00807EF3 /* table_arrow@2x.png */ = {isa = PBXFileReference; lastKnownFileType = image.png; path = "table_arrow@2x.png"; sourceTree = "<group>"; };
		9A1767EA1CA6CA2E00807EF3 /* Contents.json */ = {isa = PBXFileReference; fileEncoding = 4; lastKnownFileType = text.json; path = Contents.json; sourceTree = "<group>"; };
		9A1767EB1CA6CA2E00807EF3 /* user_avatar_default@2x.png */ = {isa = PBXFileReference; lastKnownFileType = image.png; path = "user_avatar_default@2x.png"; sourceTree = "<group>"; };
		9A1767ED1CA6CA2E00807EF3 /* Contents.json */ = {isa = PBXFileReference; fileEncoding = 4; lastKnownFileType = text.json; path = Contents.json; sourceTree = "<group>"; };
		9A1767EE1CA6CA2E00807EF3 /* VoiceSearchIcon@2x.png */ = {isa = PBXFileReference; lastKnownFileType = image.png; path = "VoiceSearchIcon@2x.png"; sourceTree = "<group>"; };
		9A1767F01CA6CA2E00807EF3 /* Contents.json */ = {isa = PBXFileReference; fileEncoding = 4; lastKnownFileType = text.json; path = Contents.json; sourceTree = "<group>"; };
		9A1767F11CA6CA2E00807EF3 /* VoiceSearchIconHL@2x.png */ = {isa = PBXFileReference; lastKnownFileType = image.png; path = "VoiceSearchIconHL@2x.png"; sourceTree = "<group>"; };
		9A1767F31CA6CA2E00807EF3 /* Contents.json */ = {isa = PBXFileReference; fileEncoding = 4; lastKnownFileType = text.json; path = Contents.json; sourceTree = "<group>"; };
		9A1767F41CA6CA2E00807EF3 /* VoiceSearchStartBtn@2x.png */ = {isa = PBXFileReference; lastKnownFileType = image.png; path = "VoiceSearchStartBtn@2x.png"; sourceTree = "<group>"; };
		9A1767F61CA6CA2E00807EF3 /* Contents.json */ = {isa = PBXFileReference; fileEncoding = 4; lastKnownFileType = text.json; path = Contents.json; sourceTree = "<group>"; };
		9A1767F71CA6CA2E00807EF3 /* VoiceSearchStartBtnHL@2x.png */ = {isa = PBXFileReference; lastKnownFileType = image.png; path = "VoiceSearchStartBtnHL@2x.png"; sourceTree = "<group>"; };
		9A176D7F1CA6CCCF00807EF3 /* DJICameraIPhoneHandler.h */ = {isa = PBXFileReference; fileEncoding = 4; lastKnownFileType = sourcecode.c.h; path = DJICameraIPhoneHandler.h; sourceTree = "<group>"; };
		9A176D801CA6CCCF00807EF3 /* DJICameraIPhoneHandler.m */ = {isa = PBXFileReference; fileEncoding = 4; lastKnownFileType = sourcecode.c.objc; path = DJICameraIPhoneHandler.m; sourceTree = "<group>"; };
		9A176D811CA6CCCF00807EF3 /* DJIIPhoneCameraModel.h */ = {isa = PBXFileReference; fileEncoding = 4; lastKnownFileType = sourcecode.c.h; path = DJIIPhoneCameraModel.h; sourceTree = "<group>"; };
		9A176D821CA6CCCF00807EF3 /* DJIIPhoneCameraModel.m */ = {isa = PBXFileReference; fileEncoding = 4; lastKnownFileType = sourcecode.c.objc; path = DJIIPhoneCameraModel.m; sourceTree = "<group>"; };
		9A176D831CA6CCCF00807EF3 /* DJIIPhoneCameraView.h */ = {isa = PBXFileReference; fileEncoding = 4; lastKnownFileType = sourcecode.c.h; path = DJIIPhoneCameraView.h; sourceTree = "<group>"; };
		9A176D841CA6CCCF00807EF3 /* DJIIPhoneCameraView.m */ = {isa = PBXFileReference; fileEncoding = 4; lastKnownFileType = sourcecode.c.objc; path = DJIIPhoneCameraView.m; sourceTree = "<group>"; };
		9A176D851CA6CCCF00807EF3 /* DJIIPhoneConfig.h */ = {isa = PBXFileReference; fileEncoding = 4; lastKnownFileType = sourcecode.c.h; path = DJIIPhoneConfig.h; sourceTree = "<group>"; };
		9A176D8B1CA6CCCF00807EF3 /* OSMOIPhoneViewController.h */ = {isa = PBXFileReference; fileEncoding = 4; lastKnownFileType = sourcecode.c.h; path = OSMOIPhoneViewController.h; sourceTree = "<group>"; };
		9A176D8C1CA6CCCF00807EF3 /* OSMOIPhoneViewController.m */ = {isa = PBXFileReference; fileEncoding = 4; lastKnownFileType = sourcecode.c.objc; path = OSMOIPhoneViewController.m; sourceTree = "<group>"; };
		9A176D8F1CA6CCCF00807EF3 /* OSMOIPhoneHandler.h */ = {isa = PBXFileReference; fileEncoding = 4; lastKnownFileType = sourcecode.c.h; path = OSMOIPhoneHandler.h; sourceTree = "<group>"; };
		9A176D901CA6CCCF00807EF3 /* OSMOIPhoneHandler.m */ = {isa = PBXFileReference; fileEncoding = 4; lastKnownFileType = sourcecode.c.objc; path = OSMOIPhoneHandler.m; sourceTree = "<group>"; };
		9A176D981CA6CCCF00807EF3 /* OSMOCaptureToolView.h */ = {isa = PBXFileReference; fileEncoding = 4; lastKnownFileType = sourcecode.c.h; path = OSMOCaptureToolView.h; sourceTree = "<group>"; };
		9A176D991CA6CCCF00807EF3 /* OSMOCaptureToolView.m */ = {isa = PBXFileReference; fileEncoding = 4; lastKnownFileType = sourcecode.c.objc; path = OSMOCaptureToolView.m; sourceTree = "<group>"; };
		9A176DB01CA6D0F800807EF3 /* OSMOPhoneController.h */ = {isa = PBXFileReference; fileEncoding = 4; lastKnownFileType = sourcecode.c.h; path = OSMOPhoneController.h; sourceTree = "<group>"; };
		9A176DB11CA6D0F800807EF3 /* OSMOPhoneController.m */ = {isa = PBXFileReference; fileEncoding = 4; lastKnownFileType = sourcecode.c.objc; path = OSMOPhoneController.m; sourceTree = "<group>"; };
		9A176DB31CA6D0F800807EF3 /* OSMOPhoneEvent.h */ = {isa = PBXFileReference; fileEncoding = 4; lastKnownFileType = sourcecode.c.h; path = OSMOPhoneEvent.h; sourceTree = "<group>"; };
		9A176DB41CA6D0F800807EF3 /* OSMOPhoneEvent.m */ = {isa = PBXFileReference; fileEncoding = 4; lastKnownFileType = sourcecode.c.objc; path = OSMOPhoneEvent.m; sourceTree = "<group>"; };
		9A176DB61CA6D0F800807EF3 /* OSMOPhoneModel.h */ = {isa = PBXFileReference; fileEncoding = 4; lastKnownFileType = sourcecode.c.h; path = OSMOPhoneModel.h; sourceTree = "<group>"; };
		9A176DB71CA6D0F800807EF3 /* OSMOPhoneModel.m */ = {isa = PBXFileReference; fileEncoding = 4; lastKnownFileType = sourcecode.c.objc; path = OSMOPhoneModel.m; sourceTree = "<group>"; };
		9A176DB91CA6D0F800807EF3 /* OSMOPhoneView.h */ = {isa = PBXFileReference; fileEncoding = 4; lastKnownFileType = sourcecode.c.h; path = OSMOPhoneView.h; sourceTree = "<group>"; };
		9A176DBA1CA6D0F800807EF3 /* OSMOPhoneView.m */ = {isa = PBXFileReference; fileEncoding = 4; lastKnownFileType = sourcecode.c.objc; path = OSMOPhoneView.m; sourceTree = "<group>"; };
		9A176DBB1CA6D0F800807EF3 /* OSMOPhoneView_landscape.xib */ = {isa = PBXFileReference; fileEncoding = 4; lastKnownFileType = file.xib; path = OSMOPhoneView_landscape.xib; sourceTree = "<group>"; };
		9A176DBC1CA6D0F800807EF3 /* OSMOPhoneView_potrait.xib */ = {isa = PBXFileReference; fileEncoding = 4; lastKnownFileType = file.xib; path = OSMOPhoneView_potrait.xib; sourceTree = "<group>"; };
		9A176DBE1CA6D0F800807EF3 /* OSMOPhoneViewModel.h */ = {isa = PBXFileReference; fileEncoding = 4; lastKnownFileType = sourcecode.c.h; path = OSMOPhoneViewModel.h; sourceTree = "<group>"; };
		9A176DBF1CA6D0F800807EF3 /* OSMOPhoneViewModel.m */ = {isa = PBXFileReference; fileEncoding = 4; lastKnownFileType = sourcecode.c.objc; path = OSMOPhoneViewModel.m; sourceTree = "<group>"; };
		9A2535281CABA6A0002ACFD3 /* OSMORightSettingView.h */ = {isa = PBXFileReference; fileEncoding = 4; lastKnownFileType = sourcecode.c.h; path = OSMORightSettingView.h; sourceTree = "<group>"; };
		9A2535291CABA6A0002ACFD3 /* OSMORightSettingView.m */ = {isa = PBXFileReference; fileEncoding = 4; lastKnownFileType = sourcecode.c.objc; path = OSMORightSettingView.m; sourceTree = "<group>"; };
		9A2535351CABEE0E002ACFD3 /* OSMOStateButton.h */ = {isa = PBXFileReference; fileEncoding = 4; lastKnownFileType = sourcecode.c.h; path = OSMOStateButton.h; sourceTree = "<group>"; };
		9A2535361CABEE0E002ACFD3 /* OSMOStateButton.m */ = {isa = PBXFileReference; fileEncoding = 4; lastKnownFileType = sourcecode.c.objc; path = OSMOStateButton.m; sourceTree = "<group>"; };
		9A2535381CAC08F5002ACFD3 /* OSMOEventAction.h */ = {isa = PBXFileReference; fileEncoding = 4; lastKnownFileType = sourcecode.c.h; path = OSMOEventAction.h; sourceTree = "<group>"; };
		9A2535391CAC08F5002ACFD3 /* OSMOEventAction.m */ = {isa = PBXFileReference; fileEncoding = 4; lastKnownFileType = sourcecode.c.objc; path = OSMOEventAction.m; sourceTree = "<group>"; };
		9A5190C11CA9001B0091FAD2 /* OSMOCaptureToolView.xib */ = {isa = PBXFileReference; fileEncoding = 4; lastKnownFileType = file.xib; path = OSMOCaptureToolView.xib; sourceTree = "<group>"; };
		9A5A75C81CA27E0A009E3A1E /* AVFoundation.framework */ = {isa = PBXFileReference; lastKnownFileType = wrapper.framework; name = AVFoundation.framework; path = System/Library/Frameworks/AVFoundation.framework; sourceTree = SDKROOT; };
		9A6753061C45276500099AF1 /* libfoundationex.a */ = {isa = PBXFileReference; lastKnownFileType = archive.ar; name = libfoundationex.a; path = "../../Library/Developer/Xcode/DerivedData/XXKit-aqemxrecrwvrscebsskvnrnslqdh/Build/Products/Debug-iphoneos/libfoundationex.a"; sourceTree = "<group>"; };
		9A6753081C45283D00099AF1 /* libXXBase.a */ = {isa = PBXFileReference; lastKnownFileType = archive.ar; name = libXXBase.a; path = "../../Library/Developer/Xcode/DerivedData/XXKit-aqemxrecrwvrscebsskvnrnslqdh/Build/Products/Debug-iphoneos/libXXBase.a"; sourceTree = "<group>"; };
		9A7053701CA922C900501A72 /* OSMOView.h */ = {isa = PBXFileReference; fileEncoding = 4; lastKnownFileType = sourcecode.c.h; path = OSMOView.h; sourceTree = "<group>"; };
		9A7053711CA922C900501A72 /* OSMOView.m */ = {isa = PBXFileReference; fileEncoding = 4; lastKnownFileType = sourcecode.c.objc; path = OSMOView.m; sourceTree = "<group>"; };
		9A70537B1CA96D4F00501A72 /* OSMOModeView.h */ = {isa = PBXFileReference; fileEncoding = 4; lastKnownFileType = sourcecode.c.h; path = OSMOModeView.h; sourceTree = "<group>"; };
		9A70537C1CA96D4F00501A72 /* OSMOModeView.m */ = {isa = PBXFileReference; fileEncoding = 4; lastKnownFileType = sourcecode.c.objc; path = OSMOModeView.m; sourceTree = "<group>"; };
		9A70537D1CA96D4F00501A72 /* OSMOPhotoVideoView.h */ = {isa = PBXFileReference; fileEncoding = 4; lastKnownFileType = sourcecode.c.h; path = OSMOPhotoVideoView.h; sourceTree = "<group>"; };
		9A70537E1CA96D4F00501A72 /* OSMOPhotoVideoView.m */ = {isa = PBXFileReference; fileEncoding = 4; lastKnownFileType = sourcecode.c.objc; path = OSMOPhotoVideoView.m; sourceTree = "<group>"; };
		9A70537F1CA96D4F00501A72 /* OSMOSwitchView.h */ = {isa = PBXFileReference; fileEncoding = 4; lastKnownFileType = sourcecode.c.h; path = OSMOSwitchView.h; sourceTree = "<group>"; };
		9A7053801CA96D4F00501A72 /* OSMOSwitchView.m */ = {isa = PBXFileReference; fileEncoding = 4; lastKnownFileType = sourcecode.c.objc; path = OSMOSwitchView.m; sourceTree = "<group>"; };
		9A7053841CA96DBD00501A72 /* OSMOSwapCaptureView.h */ = {isa = PBXFileReference; fileEncoding = 4; lastKnownFileType = sourcecode.c.h; path = OSMOSwapCaptureView.h; sourceTree = "<group>"; };
		9A7053851CA96DBD00501A72 /* OSMOSwapCaptureView.m */ = {isa = PBXFileReference; fileEncoding = 4; lastKnownFileType = sourcecode.c.objc; path = OSMOSwapCaptureView.m; sourceTree = "<group>"; };
		9A7053871CA96E3F00501A72 /* OSMOPlayBackView.h */ = {isa = PBXFileReference; fileEncoding = 4; lastKnownFileType = sourcecode.c.h; path = OSMOPlayBackView.h; sourceTree = "<group>"; };
		9A7053881CA96E3F00501A72 /* OSMOPlayBackView.m */ = {isa = PBXFileReference; fileEncoding = 4; lastKnownFileType = sourcecode.c.objc; path = OSMOPlayBackView.m; sourceTree = "<group>"; };
		9A8834011C8AACCB00747277 /* XXTabBar.h */ = {isa = PBXFileReference; fileEncoding = 4; lastKnownFileType = sourcecode.c.h; path = XXTabBar.h; sourceTree = "<group>"; };
		9A8834021C8AACCB00747277 /* XXTabBar.m */ = {isa = PBXFileReference; fileEncoding = 4; lastKnownFileType = sourcecode.c.objc; path = XXTabBar.m; sourceTree = "<group>"; };
		9A8834031C8AACCB00747277 /* XXTabBarController.h */ = {isa = PBXFileReference; fileEncoding = 4; lastKnownFileType = sourcecode.c.h; path = XXTabBarController.h; sourceTree = "<group>"; };
		9A8834041C8AACCB00747277 /* XXTabBarController.m */ = {isa = PBXFileReference; fileEncoding = 4; lastKnownFileType = sourcecode.c.objc; path = XXTabBarController.m; sourceTree = "<group>"; };
		9A8834051C8AACCB00747277 /* XXTabBarItem.h */ = {isa = PBXFileReference; fileEncoding = 4; lastKnownFileType = sourcecode.c.h; path = XXTabBarItem.h; sourceTree = "<group>"; };
		9A8834061C8AACCB00747277 /* XXTabBarItem.m */ = {isa = PBXFileReference; fileEncoding = 4; lastKnownFileType = sourcecode.c.objc; path = XXTabBarItem.m; sourceTree = "<group>"; };
		9A8834071C8AACCB00747277 /* XXNavigationController.h */ = {isa = PBXFileReference; fileEncoding = 4; lastKnownFileType = sourcecode.c.h; path = XXNavigationController.h; sourceTree = "<group>"; };
		9A8834081C8AACCB00747277 /* XXNavigationController.m */ = {isa = PBXFileReference; fileEncoding = 4; lastKnownFileType = sourcecode.c.objc; path = XXNavigationController.m; sourceTree = "<group>"; };
		9A8834091C8AACCB00747277 /* XXViewController.h */ = {isa = PBXFileReference; fileEncoding = 4; lastKnownFileType = sourcecode.c.h; path = XXViewController.h; sourceTree = "<group>"; };
		9A88340A1C8AACCB00747277 /* XXViewController.m */ = {isa = PBXFileReference; fileEncoding = 4; lastKnownFileType = sourcecode.c.objc; path = XXViewController.m; sourceTree = "<group>"; };
		9A8834111C8AAF2700747277 /* UIView+Global.h */ = {isa = PBXFileReference; fileEncoding = 4; lastKnownFileType = sourcecode.c.h; path = "UIView+Global.h"; sourceTree = "<group>"; };
		9A8834121C8AAF2700747277 /* UIView+Global.m */ = {isa = PBXFileReference; fileEncoding = 4; lastKnownFileType = sourcecode.c.objc; path = "UIView+Global.m"; sourceTree = "<group>"; };
		9A8834141C8AAF6A00747277 /* UITableView+Global.h */ = {isa = PBXFileReference; fileEncoding = 4; lastKnownFileType = sourcecode.c.h; path = "UITableView+Global.h"; sourceTree = "<group>"; };
		9A8834151C8AAF6A00747277 /* UITableView+Global.m */ = {isa = PBXFileReference; fileEncoding = 4; lastKnownFileType = sourcecode.c.objc; path = "UITableView+Global.m"; sourceTree = "<group>"; };
		9A8834231C8ACD8F00747277 /* XXGlobalColor.h */ = {isa = PBXFileReference; fileEncoding = 4; lastKnownFileType = sourcecode.c.h; path = XXGlobalColor.h; sourceTree = "<group>"; };
		9A8834241C8ACD8F00747277 /* XXGlobalColor.m */ = {isa = PBXFileReference; fileEncoding = 4; lastKnownFileType = sourcecode.c.objc; path = XXGlobalColor.m; sourceTree = "<group>"; };
		9A8834261C8ACE3400747277 /* XXThemeConfig.h */ = {isa = PBXFileReference; fileEncoding = 4; lastKnownFileType = sourcecode.c.h; path = XXThemeConfig.h; sourceTree = "<group>"; };
		9A8834271C8ACE3400747277 /* XXThemeConfig.m */ = {isa = PBXFileReference; fileEncoding = 4; lastKnownFileType = sourcecode.c.objc; path = XXThemeConfig.m; sourceTree = "<group>"; };
		9A8834291C8ACF5700747277 /* DefaultThemeConfig.plist */ = {isa = PBXFileReference; fileEncoding = 4; lastKnownFileType = text.plist.xml; path = DefaultThemeConfig.plist; sourceTree = "<group>"; };
		9A88342B1C8AD4D200747277 /* UITableViewCell+Custom.h */ = {isa = PBXFileReference; fileEncoding = 4; lastKnownFileType = sourcecode.c.h; path = "UITableViewCell+Custom.h"; sourceTree = "<group>"; };
		9A88342C1C8AD4D200747277 /* UITableViewCell+Custom.m */ = {isa = PBXFileReference; fileEncoding = 4; lastKnownFileType = sourcecode.c.objc; path = "UITableViewCell+Custom.m"; sourceTree = "<group>"; };
		9AC4E2F01C819E5F00893ABA /* libuikit.a */ = {isa = PBXFileReference; lastKnownFileType = archive.ar; name = libuikit.a; path = "XXBase/build/Debug-iphoneos/libuikit.a"; sourceTree = "<group>"; };
		9AC4E2F21C81B93A00893ABA /* CoreText.framework */ = {isa = PBXFileReference; lastKnownFileType = wrapper.framework; name = CoreText.framework; path = System/Library/Frameworks/CoreText.framework; sourceTree = SDKROOT; };
		9AF0BC9C1C97E79300B602C6 /* ContactsViewController.h */ = {isa = PBXFileReference; fileEncoding = 4; lastKnownFileType = sourcecode.c.h; path = ContactsViewController.h; sourceTree = "<group>"; };
		9AF0BC9D1C97E79300B602C6 /* ContactsViewController.m */ = {isa = PBXFileReference; fileEncoding = 4; lastKnownFileType = sourcecode.c.objc; path = ContactsViewController.m; sourceTree = "<group>"; };
		9AF0BCA51C97E9AF00B602C6 /* ContactViewModel.h */ = {isa = PBXFileReference; fileEncoding = 4; lastKnownFileType = sourcecode.c.h; path = ContactViewModel.h; sourceTree = "<group>"; };
		9AF0BCA61C97E9AF00B602C6 /* ContactViewModel.m */ = {isa = PBXFileReference; fileEncoding = 4; lastKnownFileType = sourcecode.c.objc; path = ContactViewModel.m; sourceTree = "<group>"; };
		9AF0BCA81C97FC8900B602C6 /* ContactConfig.plist */ = {isa = PBXFileReference; fileEncoding = 4; lastKnownFileType = text.plist.xml; path = ContactConfig.plist; sourceTree = "<group>"; };
		9AF2A2AF1C8FD893005FE17F /* DiscoverViewController.h */ = {isa = PBXFileReference; fileEncoding = 4; lastKnownFileType = sourcecode.c.h; path = DiscoverViewController.h; sourceTree = "<group>"; };
		9AF2A2B01C8FD893005FE17F /* DiscoverViewController.m */ = {isa = PBXFileReference; fileEncoding = 4; lastKnownFileType = sourcecode.c.objc; path = DiscoverViewController.m; sourceTree = "<group>"; };
		9AF2A2B91C8FD894005FE17F /* MineViewController.h */ = {isa = PBXFileReference; fileEncoding = 4; lastKnownFileType = sourcecode.c.h; path = MineViewController.h; sourceTree = "<group>"; };
		9AF2A2BA1C8FD894005FE17F /* MineViewController.m */ = {isa = PBXFileReference; fileEncoding = 4; lastKnownFileType = sourcecode.c.objc; path = MineViewController.m; sourceTree = "<group>"; };
		9AF2A2BD1C8FD894005FE17F /* SettingViewController.plist */ = {isa = PBXFileReference; fileEncoding = 4; lastKnownFileType = text.plist.xml; path = SettingViewController.plist; sourceTree = "<group>"; };
		9AF2A2E31C9003C1005FE17F /* DiscoverViewController.plist */ = {isa = PBXFileReference; fileEncoding = 4; lastKnownFileType = text.plist.xml; path = DiscoverViewController.plist; sourceTree = "<group>"; };
		9AF2A2E61C9009AD005FE17F /* XXBaseViewController.h */ = {isa = PBXFileReference; fileEncoding = 4; lastKnownFileType = sourcecode.c.h; path = XXBaseViewController.h; sourceTree = "<group>"; };
		9AF2A2E71C9009AD005FE17F /* XXBaseViewController.m */ = {isa = PBXFileReference; fileEncoding = 4; lastKnownFileType = sourcecode.c.objc; path = XXBaseViewController.m; sourceTree = "<group>"; };
		9AF2A2E91C9009D2005FE17F /* XXBaseTableCell.h */ = {isa = PBXFileReference; fileEncoding = 4; lastKnownFileType = sourcecode.c.h; path = XXBaseTableCell.h; sourceTree = "<group>"; };
		9AF2A2EA1C9009D2005FE17F /* XXBaseTableCell.m */ = {isa = PBXFileReference; fileEncoding = 4; lastKnownFileType = sourcecode.c.objc; path = XXBaseTableCell.m; sourceTree = "<group>"; };
		9AF2A2EC1C900CEA005FE17F /* XXBaseViewModel.h */ = {isa = PBXFileReference; fileEncoding = 4; lastKnownFileType = sourcecode.c.h; path = XXBaseViewModel.h; sourceTree = "<group>"; };
		9AF2A2ED1C900CEA005FE17F /* XXBaseViewModel.m */ = {isa = PBXFileReference; fileEncoding = 4; lastKnownFileType = sourcecode.c.objc; path = XXBaseViewModel.m; sourceTree = "<group>"; };
		9AF3E9A31C3CBB55009DDD15 /* XXKit.app */ = {isa = PBXFileReference; explicitFileType = wrapper.application; includeInIndex = 0; path = XXKit.app; sourceTree = BUILT_PRODUCTS_DIR; };
		9AF3E9A71C3CBB55009DDD15 /* main.m */ = {isa = PBXFileReference; lastKnownFileType = sourcecode.c.objc; path = main.m; sourceTree = "<group>"; };
		9AF3E9A91C3CBB55009DDD15 /* AppDelegate.h */ = {isa = PBXFileReference; lastKnownFileType = sourcecode.c.h; path = AppDelegate.h; sourceTree = "<group>"; };
		9AF3E9AA1C3CBB55009DDD15 /* AppDelegate.m */ = {isa = PBXFileReference; lastKnownFileType = sourcecode.c.objc; path = AppDelegate.m; sourceTree = "<group>"; };
		9AF3E9AC1C3CBB55009DDD15 /* ViewController.h */ = {isa = PBXFileReference; lastKnownFileType = sourcecode.c.h; path = ViewController.h; sourceTree = "<group>"; };
		9AF3E9AD1C3CBB55009DDD15 /* ViewController.m */ = {isa = PBXFileReference; lastKnownFileType = sourcecode.c.objc; path = ViewController.m; sourceTree = "<group>"; };
		9AF3E9B01C3CBB55009DDD15 /* Base */ = {isa = PBXFileReference; lastKnownFileType = file.storyboard; name = Base; path = Base.lproj/Main.storyboard; sourceTree = "<group>"; };
		9AF3E9B21C3CBB55009DDD15 /* Assets.xcassets */ = {isa = PBXFileReference; lastKnownFileType = folder.assetcatalog; path = Assets.xcassets; sourceTree = "<group>"; };
		9AF3E9B51C3CBB55009DDD15 /* Base */ = {isa = PBXFileReference; lastKnownFileType = file.storyboard; name = Base; path = Base.lproj/LaunchScreen.storyboard; sourceTree = "<group>"; };
		9AF3E9B71C3CBB55009DDD15 /* Info.plist */ = {isa = PBXFileReference; lastKnownFileType = text.plist.xml; path = Info.plist; sourceTree = "<group>"; };
		9AF3E9BC1C3CBB55009DDD15 /* XXKitTests.xctest */ = {isa = PBXFileReference; explicitFileType = wrapper.cfbundle; includeInIndex = 0; path = XXKitTests.xctest; sourceTree = BUILT_PRODUCTS_DIR; };
		9AF3E9C01C3CBB55009DDD15 /* XXKitTests.m */ = {isa = PBXFileReference; lastKnownFileType = sourcecode.c.objc; path = XXKitTests.m; sourceTree = "<group>"; };
		9AF3E9C21C3CBB55009DDD15 /* Info.plist */ = {isa = PBXFileReference; lastKnownFileType = text.plist.xml; path = Info.plist; sourceTree = "<group>"; };
		9AF3E9C71C3CBB55009DDD15 /* XXKitUITests.xctest */ = {isa = PBXFileReference; explicitFileType = wrapper.cfbundle; includeInIndex = 0; path = XXKitUITests.xctest; sourceTree = BUILT_PRODUCTS_DIR; };
		9AF3E9CB1C3CBB55009DDD15 /* XXKitUITests.m */ = {isa = PBXFileReference; lastKnownFileType = sourcecode.c.objc; path = XXKitUITests.m; sourceTree = "<group>"; };
		9AF3E9CD1C3CBB55009DDD15 /* Info.plist */ = {isa = PBXFileReference; lastKnownFileType = text.plist.xml; path = Info.plist; sourceTree = "<group>"; };
		9AF41A701C881DD600C17947 /* UIViewController+SwizzleMethod.h */ = {isa = PBXFileReference; fileEncoding = 4; lastKnownFileType = sourcecode.c.h; path = "UIViewController+SwizzleMethod.h"; sourceTree = "<group>"; };
		9AF41A711C881DD600C17947 /* UIViewController+SwizzleMethod.m */ = {isa = PBXFileReference; fileEncoding = 4; lastKnownFileType = sourcecode.c.objc; path = "UIViewController+SwizzleMethod.m"; sourceTree = "<group>"; };
		9AF41A831C8834B500C17947 /* libutility.a */ = {isa = PBXFileReference; lastKnownFileType = archive.ar; name = libutility.a; path = "../../Library/Developer/Xcode/DerivedData/XXKit-ccalcbdubkuyldedpmwohggzzjzh/Build/Products/Debug-iphoneos/libutility.a"; sourceTree = "<group>"; };
		9AF4DEF21C89688A00E4CCB0 /* NSObject+SwizzleMethod.h */ = {isa = PBXFileReference; fileEncoding = 4; lastKnownFileType = sourcecode.c.h; path = "NSObject+SwizzleMethod.h"; sourceTree = "<group>"; };
		9AF4DEF31C89688A00E4CCB0 /* NSObject+SwizzleMethod.m */ = {isa = PBXFileReference; fileEncoding = 4; lastKnownFileType = sourcecode.c.objc; path = "NSObject+SwizzleMethod.m"; sourceTree = "<group>"; };
		9AF523451C91638400A59967 /* HomeViewController.h */ = {isa = PBXFileReference; fileEncoding = 4; lastKnownFileType = sourcecode.c.h; path = HomeViewController.h; sourceTree = "<group>"; };
		9AF523461C91638400A59967 /* HomeViewController.m */ = {isa = PBXFileReference; fileEncoding = 4; lastKnownFileType = sourcecode.c.objc; path = HomeViewController.m; sourceTree = "<group>"; };
		9AF523481C91638400A59967 /* SDAnalogDataGenerator.h */ = {isa = PBXFileReference; fileEncoding = 4; lastKnownFileType = sourcecode.c.h; path = SDAnalogDataGenerator.h; sourceTree = "<group>"; };
		9AF523491C91638400A59967 /* SDAnalogDataGenerator.m */ = {isa = PBXFileReference; fileEncoding = 4; lastKnownFileType = sourcecode.c.objc; path = SDAnalogDataGenerator.m; sourceTree = "<group>"; };
		9AF5234A1C91638400A59967 /* XXMessageModel.h */ = {isa = PBXFileReference; fileEncoding = 4; lastKnownFileType = sourcecode.c.h; path = XXMessageModel.h; sourceTree = "<group>"; };
		9AF5234B1C91638400A59967 /* XXMessageModel.m */ = {isa = PBXFileReference; fileEncoding = 4; lastKnownFileType = sourcecode.c.objc; path = XXMessageModel.m; sourceTree = "<group>"; };
		9AF5234D1C91638400A59967 /* HomeTableCell.h */ = {isa = PBXFileReference; fileEncoding = 4; lastKnownFileType = sourcecode.c.h; path = HomeTableCell.h; sourceTree = "<group>"; };
		9AF5234E1C91638400A59967 /* HomeTableCell.m */ = {isa = PBXFileReference; fileEncoding = 4; lastKnownFileType = sourcecode.c.objc; path = HomeTableCell.m; sourceTree = "<group>"; };
		BBBAE1266467850FE6E768E2 /* Pods.release.xcconfig */ = {isa = PBXFileReference; includeInIndex = 1; lastKnownFileType = text.xcconfig; name = Pods.release.xcconfig; path = "Pods/Target Support Files/Pods/Pods.release.xcconfig"; sourceTree = "<group>"; };
		C6B32E2D742FAF463927253D /* Pods.debug.xcconfig */ = {isa = PBXFileReference; includeInIndex = 1; lastKnownFileType = text.xcconfig; name = Pods.debug.xcconfig; path = "Pods/Target Support Files/Pods/Pods.debug.xcconfig"; sourceTree = "<group>"; };
/* End PBXFileReference section */

/* Begin PBXFrameworksBuildPhase section */
		9AF3E9A01C3CBB55009DDD15 /* Frameworks */ = {
			isa = PBXFrameworksBuildPhase;
			buildActionMask = 2147483647;
			files = (
				9A5A75C91CA27E0A009E3A1E /* AVFoundation.framework in Frameworks */,
				9AF41A841C8834B500C17947 /* libutility.a in Frameworks */,
				9AC4E2F31C81B93A00893ABA /* CoreText.framework in Frameworks */,
				9AC4E2F11C819E5F00893ABA /* libuikit.a in Frameworks */,
				4B181F771C53242500308B12 /* libAFNetworking.a in Frameworks */,
				4B181F781C53242500308B12 /* libfoundationex.a in Frameworks */,
				4B181F731C53233600308B12 /* libXXBase.a in Frameworks */,
				A18F73462600C6CD5719875F /* libPods.a in Frameworks */,
			);
			runOnlyForDeploymentPostprocessing = 0;
		};
		9AF3E9B91C3CBB55009DDD15 /* Frameworks */ = {
			isa = PBXFrameworksBuildPhase;
			buildActionMask = 2147483647;
			files = (
			);
			runOnlyForDeploymentPostprocessing = 0;
		};
		9AF3E9C41C3CBB55009DDD15 /* Frameworks */ = {
			isa = PBXFrameworksBuildPhase;
			buildActionMask = 2147483647;
			files = (
			);
			runOnlyForDeploymentPostprocessing = 0;
		};
/* End PBXFrameworksBuildPhase section */

/* Begin PBXGroup section */
		157F5C4D49594E0D382284C2 /* Frameworks */ = {
			isa = PBXGroup;
			children = (
				9A5A75C81CA27E0A009E3A1E /* AVFoundation.framework */,
				9AF41A831C8834B500C17947 /* libutility.a */,
				9AC4E2F21C81B93A00893ABA /* CoreText.framework */,
				9AC4E2F01C819E5F00893ABA /* libuikit.a */,
				4B181F741C53242500308B12 /* libAFNetworking.a */,
				4B181F751C53242500308B12 /* libfoundationex.a */,
				4B181F761C53242500308B12 /* libuikitex.a */,
				4B181F721C53233600308B12 /* libXXBase.a */,
				9A6753081C45283D00099AF1 /* libXXBase.a */,
				9A6753061C45276500099AF1 /* libfoundationex.a */,
				2AA3AC528F81E8B6AE8B0185 /* libPods.a */,
			);
			name = Frameworks;
			sourceTree = "<group>";
		};
		9A1767DA1CA6CA2E00807EF3 /* AppIcon.appiconset */ = {
			isa = PBXGroup;
			children = (
				9A1767DB1CA6CA2E00807EF3 /* Contents.json */,
				9A1767DC1CA6CA2E00807EF3 /* Icon-60@2x.png */,
				9A1767DD1CA6CA2E00807EF3 /* Icon-60@3x.png */,
			);
			name = AppIcon.appiconset;
			path = Assets.xcassets/AppIcon.appiconset;
			sourceTree = "<group>";
		};
		9A1767DE1CA6CA2E00807EF3 /* Brand Assets.launchimage */ = {
			isa = PBXGroup;
			children = (
				9A1767DF1CA6CA2E00807EF3 /* Contents.json */,
			);
			name = "Brand Assets.launchimage";
			path = "Assets.xcassets/Brand Assets.launchimage";
			sourceTree = "<group>";
		};
		9A1767E01CA6CA2E00807EF3 /* common */ = {
			isa = PBXGroup;
			children = (
				9A1767E11CA6CA2E00807EF3 /* Contents.json */,
				9A1767E21CA6CA2E00807EF3 /* RecordingBkg.imageset */,
				9A1767E61CA6CA2E00807EF3 /* table_arrow.imageset */,
				9A1767E91CA6CA2E00807EF3 /* user_avatar_default.imageset */,
				9A1767EC1CA6CA2E00807EF3 /* VoiceSearchIcon.imageset */,
				9A1767EF1CA6CA2E00807EF3 /* VoiceSearchIconHL.imageset */,
				9A1767F21CA6CA2E00807EF3 /* VoiceSearchStartBtn.imageset */,
				9A1767F51CA6CA2E00807EF3 /* VoiceSearchStartBtnHL.imageset */,
			);
			name = common;
			path = Assets.xcassets/common;
			sourceTree = "<group>";
		};
		9A1767E21CA6CA2E00807EF3 /* RecordingBkg.imageset */ = {
			isa = PBXGroup;
			children = (
				9A1767E31CA6CA2E00807EF3 /* Contents.json */,
				9A1767E41CA6CA2E00807EF3 /* RecordingBkg@2x.png */,
				9A1767E51CA6CA2E00807EF3 /* RecordingBkg@3x.png */,
			);
			path = RecordingBkg.imageset;
			sourceTree = "<group>";
		};
		9A1767E61CA6CA2E00807EF3 /* table_arrow.imageset */ = {
			isa = PBXGroup;
			children = (
				9A1767E71CA6CA2E00807EF3 /* Contents.json */,
				9A1767E81CA6CA2E00807EF3 /* table_arrow@2x.png */,
			);
			path = table_arrow.imageset;
			sourceTree = "<group>";
		};
		9A1767E91CA6CA2E00807EF3 /* user_avatar_default.imageset */ = {
			isa = PBXGroup;
			children = (
				9A1767EA1CA6CA2E00807EF3 /* Contents.json */,
				9A1767EB1CA6CA2E00807EF3 /* user_avatar_default@2x.png */,
			);
			path = user_avatar_default.imageset;
			sourceTree = "<group>";
		};
		9A1767EC1CA6CA2E00807EF3 /* VoiceSearchIcon.imageset */ = {
			isa = PBXGroup;
			children = (
				9A1767ED1CA6CA2E00807EF3 /* Contents.json */,
				9A1767EE1CA6CA2E00807EF3 /* VoiceSearchIcon@2x.png */,
			);
			path = VoiceSearchIcon.imageset;
			sourceTree = "<group>";
		};
		9A1767EF1CA6CA2E00807EF3 /* VoiceSearchIconHL.imageset */ = {
			isa = PBXGroup;
			children = (
				9A1767F01CA6CA2E00807EF3 /* Contents.json */,
				9A1767F11CA6CA2E00807EF3 /* VoiceSearchIconHL@2x.png */,
			);
			path = VoiceSearchIconHL.imageset;
			sourceTree = "<group>";
		};
		9A1767F21CA6CA2E00807EF3 /* VoiceSearchStartBtn.imageset */ = {
			isa = PBXGroup;
			children = (
				9A1767F31CA6CA2E00807EF3 /* Contents.json */,
				9A1767F41CA6CA2E00807EF3 /* VoiceSearchStartBtn@2x.png */,
			);
			path = VoiceSearchStartBtn.imageset;
			sourceTree = "<group>";
		};
		9A1767F51CA6CA2E00807EF3 /* VoiceSearchStartBtnHL.imageset */ = {
			isa = PBXGroup;
			children = (
				9A1767F61CA6CA2E00807EF3 /* Contents.json */,
				9A1767F71CA6CA2E00807EF3 /* VoiceSearchStartBtnHL@2x.png */,
			);
			path = VoiceSearchStartBtnHL.imageset;
			sourceTree = "<group>";
		};
		9A176D7D1CA6CCCF00807EF3 /* Camera */ = {
			isa = PBXGroup;
			children = (
				9A176D7E1CA6CCCF00807EF3 /* camera */,
				9A176D861CA6CCCF00807EF3 /* controller */,
				9A176D8E1CA6CCCF00807EF3 /* event */,
				9A176D911CA6CCCF00807EF3 /* view */,
			);
			path = Camera;
			sourceTree = "<group>";
		};
		9A176D7E1CA6CCCF00807EF3 /* camera */ = {
			isa = PBXGroup;
			children = (
				9A176D851CA6CCCF00807EF3 /* DJIIPhoneConfig.h */,
				9A176D811CA6CCCF00807EF3 /* DJIIPhoneCameraModel.h */,
				9A176D821CA6CCCF00807EF3 /* DJIIPhoneCameraModel.m */,
				9A176D831CA6CCCF00807EF3 /* DJIIPhoneCameraView.h */,
				9A176D841CA6CCCF00807EF3 /* DJIIPhoneCameraView.m */,
				9A176D7F1CA6CCCF00807EF3 /* DJICameraIPhoneHandler.h */,
				9A176D801CA6CCCF00807EF3 /* DJICameraIPhoneHandler.m */,
			);
			path = camera;
			sourceTree = "<group>";
		};
		9A176D861CA6CCCF00807EF3 /* controller */ = {
			isa = PBXGroup;
			children = (
				9A176D8B1CA6CCCF00807EF3 /* OSMOIPhoneViewController.h */,
				9A176D8C1CA6CCCF00807EF3 /* OSMOIPhoneViewController.m */,
			);
			path = controller;
			sourceTree = "<group>";
		};
		9A176D8E1CA6CCCF00807EF3 /* event */ = {
			isa = PBXGroup;
			children = (
				9A2535381CAC08F5002ACFD3 /* OSMOEventAction.h */,
				9A2535391CAC08F5002ACFD3 /* OSMOEventAction.m */,
				9A176D8F1CA6CCCF00807EF3 /* OSMOIPhoneHandler.h */,
				9A176D901CA6CCCF00807EF3 /* OSMOIPhoneHandler.m */,
			);
			path = event;
			sourceTree = "<group>";
		};
		9A176D911CA6CCCF00807EF3 /* view */ = {
			isa = PBXGroup;
			children = (
				9A7053701CA922C900501A72 /* OSMOView.h */,
				9A7053711CA922C900501A72 /* OSMOView.m */,
				9A25352B1CABCCC5002ACFD3 /* publiccameraui */,
				9A176D921CA6CCCF00807EF3 /* capturetool */,
				9A176D9A1CA6CCCF00807EF3 /* rightsettingbar */,
			);
			path = view;
			sourceTree = "<group>";
		};
		9A176D921CA6CCCF00807EF3 /* capturetool */ = {
			isa = PBXGroup;
			children = (
				9A70537A1CA96D4F00501A72 /* tool */,
				9A176D981CA6CCCF00807EF3 /* OSMOCaptureToolView.h */,
				9A176D991CA6CCCF00807EF3 /* OSMOCaptureToolView.m */,
				9A5190C11CA9001B0091FAD2 /* OSMOCaptureToolView.xib */,
			);
			path = capturetool;
			sourceTree = "<group>";
		};
		9A176D9A1CA6CCCF00807EF3 /* rightsettingbar */ = {
			isa = PBXGroup;
			children = (
				9A2535281CABA6A0002ACFD3 /* OSMORightSettingView.h */,
				9A2535291CABA6A0002ACFD3 /* OSMORightSettingView.m */,
			);
			path = rightsettingbar;
			sourceTree = "<group>";
		};
		9A176DAE1CA6D0F800807EF3 /* CameraTest */ = {
			isa = PBXGroup;
			children = (
				9A176DAF1CA6D0F800807EF3 /* controller */,
				9A176DB21CA6D0F800807EF3 /* event */,
				9A176DB51CA6D0F800807EF3 /* model */,
				9A176DB81CA6D0F800807EF3 /* view */,
				9A176DBD1CA6D0F800807EF3 /* viewmodel */,
			);
			path = CameraTest;
			sourceTree = "<group>";
		};
		9A176DAF1CA6D0F800807EF3 /* controller */ = {
			isa = PBXGroup;
			children = (
				9A176DB01CA6D0F800807EF3 /* OSMOPhoneController.h */,
				9A176DB11CA6D0F800807EF3 /* OSMOPhoneController.m */,
			);
			path = controller;
			sourceTree = "<group>";
		};
		9A176DB21CA6D0F800807EF3 /* event */ = {
			isa = PBXGroup;
			children = (
				9A176DB31CA6D0F800807EF3 /* OSMOPhoneEvent.h */,
				9A176DB41CA6D0F800807EF3 /* OSMOPhoneEvent.m */,
			);
			path = event;
			sourceTree = "<group>";
		};
		9A176DB51CA6D0F800807EF3 /* model */ = {
			isa = PBXGroup;
			children = (
				9A176DB61CA6D0F800807EF3 /* OSMOPhoneModel.h */,
				9A176DB71CA6D0F800807EF3 /* OSMOPhoneModel.m */,
			);
			path = model;
			sourceTree = "<group>";
		};
		9A176DB81CA6D0F800807EF3 /* view */ = {
			isa = PBXGroup;
			children = (
				9A176DB91CA6D0F800807EF3 /* OSMOPhoneView.h */,
				9A176DBA1CA6D0F800807EF3 /* OSMOPhoneView.m */,
				9A176DBB1CA6D0F800807EF3 /* OSMOPhoneView_landscape.xib */,
				9A176DBC1CA6D0F800807EF3 /* OSMOPhoneView_potrait.xib */,
			);
			path = view;
			sourceTree = "<group>";
		};
		9A176DBD1CA6D0F800807EF3 /* viewmodel */ = {
			isa = PBXGroup;
			children = (
				9A176DBE1CA6D0F800807EF3 /* OSMOPhoneViewModel.h */,
				9A176DBF1CA6D0F800807EF3 /* OSMOPhoneViewModel.m */,
			);
			path = viewmodel;
			sourceTree = "<group>";
		};
		9A25352B1CABCCC5002ACFD3 /* publiccameraui */ = {
			isa = PBXGroup;
			children = (
				9A2535351CABEE0E002ACFD3 /* OSMOStateButton.h */,
				9A2535361CABEE0E002ACFD3 /* OSMOStateButton.m */,
			);
			path = publiccameraui;
			sourceTree = "<group>";
		};
		9A70537A1CA96D4F00501A72 /* tool */ = {
			isa = PBXGroup;
			children = (
				9A70537F1CA96D4F00501A72 /* OSMOSwitchView.h */,
				9A7053801CA96D4F00501A72 /* OSMOSwitchView.m */,
				9A70537B1CA96D4F00501A72 /* OSMOModeView.h */,
				9A70537C1CA96D4F00501A72 /* OSMOModeView.m */,
				9A70537D1CA96D4F00501A72 /* OSMOPhotoVideoView.h */,
				9A70537E1CA96D4F00501A72 /* OSMOPhotoVideoView.m */,
				9A7053871CA96E3F00501A72 /* OSMOPlayBackView.h */,
				9A7053881CA96E3F00501A72 /* OSMOPlayBackView.m */,
				9A7053841CA96DBD00501A72 /* OSMOSwapCaptureView.h */,
				9A7053851CA96DBD00501A72 /* OSMOSwapCaptureView.m */,
			);
			path = tool;
			sourceTree = "<group>";
		};
		9A8833FE1C8AACCB00747277 /* Base */ = {
			isa = PBXGroup;
			children = (
				9A8834221C8ACD8F00747277 /* Skin */,
				9A8834101C8AAE9C00747277 /* UIGlobal */,
				9A8833FF1C8AACCB00747277 /* BaseUI */,
			);
			path = Base;
			sourceTree = "<group>";
		};
		9A8833FF1C8AACCB00747277 /* BaseUI */ = {
			isa = PBXGroup;
			children = (
				9A8834001C8AACCB00747277 /* TabBar */,
				9A8834071C8AACCB00747277 /* XXNavigationController.h */,
				9A8834081C8AACCB00747277 /* XXNavigationController.m */,
				9A8834091C8AACCB00747277 /* XXViewController.h */,
				9A88340A1C8AACCB00747277 /* XXViewController.m */,
			);
			path = BaseUI;
			sourceTree = "<group>";
		};
		9A8834001C8AACCB00747277 /* TabBar */ = {
			isa = PBXGroup;
			children = (
				9A8834011C8AACCB00747277 /* XXTabBar.h */,
				9A8834021C8AACCB00747277 /* XXTabBar.m */,
				9A8834031C8AACCB00747277 /* XXTabBarController.h */,
				9A8834041C8AACCB00747277 /* XXTabBarController.m */,
				9A8834051C8AACCB00747277 /* XXTabBarItem.h */,
				9A8834061C8AACCB00747277 /* XXTabBarItem.m */,
			);
			path = TabBar;
			sourceTree = "<group>";
		};
		9A8834101C8AAE9C00747277 /* UIGlobal */ = {
			isa = PBXGroup;
			children = (
				9A8834111C8AAF2700747277 /* UIView+Global.h */,
				9A8834121C8AAF2700747277 /* UIView+Global.m */,
				9A8834141C8AAF6A00747277 /* UITableView+Global.h */,
				9A8834151C8AAF6A00747277 /* UITableView+Global.m */,
				9A88342B1C8AD4D200747277 /* UITableViewCell+Custom.h */,
				9A88342C1C8AD4D200747277 /* UITableViewCell+Custom.m */,
			);
			path = UIGlobal;
			sourceTree = "<group>";
		};
		9A8834221C8ACD8F00747277 /* Skin */ = {
			isa = PBXGroup;
			children = (
				9A8834231C8ACD8F00747277 /* XXGlobalColor.h */,
				9A8834241C8ACD8F00747277 /* XXGlobalColor.m */,
				9A8834261C8ACE3400747277 /* XXThemeConfig.h */,
				9A8834271C8ACE3400747277 /* XXThemeConfig.m */,
				9A8834291C8ACF5700747277 /* DefaultThemeConfig.plist */,
			);
			path = Skin;
			sourceTree = "<group>";
		};
		9ADF87EE1C3D36DF0021D17C /* App */ = {
			isa = PBXGroup;
			children = (
				9A1767DA1CA6CA2E00807EF3 /* AppIcon.appiconset */,
				9A1767DE1CA6CA2E00807EF3 /* Brand Assets.launchimage */,
				9A1767E01CA6CA2E00807EF3 /* common */,
				9AF3E9A91C3CBB55009DDD15 /* AppDelegate.h */,
				9AF3E9AA1C3CBB55009DDD15 /* AppDelegate.m */,
				9AF3E9AC1C3CBB55009DDD15 /* ViewController.h */,
				9AF3E9AD1C3CBB55009DDD15 /* ViewController.m */,
			);
			name = App;
			sourceTree = "<group>";
		};
		9AF0BC9B1C97E79300B602C6 /* controller */ = {
			isa = PBXGroup;
			children = (
				9AF0BC9C1C97E79300B602C6 /* ContactsViewController.h */,
				9AF0BC9D1C97E79300B602C6 /* ContactsViewController.m */,
			);
			path = controller;
			sourceTree = "<group>";
		};
		9AF0BC9E1C97E79300B602C6 /* model */ = {
			isa = PBXGroup;
			children = (
				9AF0BCA81C97FC8900B602C6 /* ContactConfig.plist */,
			);
			path = model;
			sourceTree = "<group>";
		};
		9AF0BC9F1C97E79300B602C6 /* view */ = {
			isa = PBXGroup;
			children = (
			);
			path = view;
			sourceTree = "<group>";
		};
		9AF0BCA41C97E9A100B602C6 /* viewmodel */ = {
			isa = PBXGroup;
			children = (
				9AF0BCA51C97E9AF00B602C6 /* ContactViewModel.h */,
				9AF0BCA61C97E9AF00B602C6 /* ContactViewModel.m */,
			);
			path = viewmodel;
			sourceTree = "<group>";
		};
		9AF2A2AB1C8FD893005FE17F /* Contacts */ = {
			isa = PBXGroup;
			children = (
				9AF0BC9B1C97E79300B602C6 /* controller */,
				9AF0BCA41C97E9A100B602C6 /* viewmodel */,
				9AF0BC9E1C97E79300B602C6 /* model */,
				9AF0BC9F1C97E79300B602C6 /* view */,
			);
			path = Contacts;
			sourceTree = "<group>";
		};
		9AF2A2AE1C8FD893005FE17F /* Discover */ = {
			isa = PBXGroup;
			children = (
				9AF2A2AF1C8FD893005FE17F /* DiscoverViewController.h */,
				9AF2A2B01C8FD893005FE17F /* DiscoverViewController.m */,
				9AF2A2E31C9003C1005FE17F /* DiscoverViewController.plist */,
			);
			path = Discover;
			sourceTree = "<group>";
		};
		9AF2A2B11C8FD893005FE17F /* Home */ = {
			isa = PBXGroup;
			children = (
				9AF523441C91638400A59967 /* controller */,
				9AF523471C91638400A59967 /* model */,
				9AF5234C1C91638400A59967 /* view */,
			);
			path = Home;
			sourceTree = "<group>";
		};
		9AF2A2B61C8FD894005FE17F /* Me */ = {
			isa = PBXGroup;
			children = (
				9AF2A2B91C8FD894005FE17F /* MineViewController.h */,
				9AF2A2BA1C8FD894005FE17F /* MineViewController.m */,
				9AF2A2BD1C8FD894005FE17F /* SettingViewController.plist */,
			);
			path = Me;
			sourceTree = "<group>";
		};
		9AF2A2E51C900960005FE17F /* Base */ = {
			isa = PBXGroup;
			children = (
				9AF2A2E61C9009AD005FE17F /* XXBaseViewController.h */,
				9AF2A2E71C9009AD005FE17F /* XXBaseViewController.m */,
				9AF2A2E91C9009D2005FE17F /* XXBaseTableCell.h */,
				9AF2A2EA1C9009D2005FE17F /* XXBaseTableCell.m */,
				9AF2A2EC1C900CEA005FE17F /* XXBaseViewModel.h */,
				9AF2A2ED1C900CEA005FE17F /* XXBaseViewModel.m */,
			);
			path = Base;
			sourceTree = "<group>";
		};
		9AF302071C43861D00FA232D /* UI */ = {
			isa = PBXGroup;
			children = (
				9A176DAE1CA6D0F800807EF3 /* CameraTest */,
				9A176D7D1CA6CCCF00807EF3 /* Camera */,
				9AF2A2E51C900960005FE17F /* Base */,
				9AF2A2B11C8FD893005FE17F /* Home */,
				9AF2A2AB1C8FD893005FE17F /* Contacts */,
				9AF2A2AE1C8FD893005FE17F /* Discover */,
				9AF2A2B61C8FD894005FE17F /* Me */,
			);
			path = UI;
			sourceTree = "<group>";
		};
		9AF3E99A1C3CBB55009DDD15 = {
			isa = PBXGroup;
			children = (
				9AF3E9A51C3CBB55009DDD15 /* XXKit */,
				9AF3E9BF1C3CBB55009DDD15 /* XXKitTests */,
				9AF3E9CA1C3CBB55009DDD15 /* XXKitUITests */,
				9AF3E9A41C3CBB55009DDD15 /* Products */,
				BF25314DD4D97617C2672B89 /* Pods */,
				157F5C4D49594E0D382284C2 /* Frameworks */,
			);
			sourceTree = "<group>";
		};
		9AF3E9A41C3CBB55009DDD15 /* Products */ = {
			isa = PBXGroup;
			children = (
				9AF3E9A31C3CBB55009DDD15 /* XXKit.app */,
				9AF3E9BC1C3CBB55009DDD15 /* XXKitTests.xctest */,
				9AF3E9C71C3CBB55009DDD15 /* XXKitUITests.xctest */,
			);
			name = Products;
			sourceTree = "<group>";
		};
		9AF3E9A51C3CBB55009DDD15 /* XXKit */ = {
			isa = PBXGroup;
			children = (
				9AF41A6E1C881D7A00C17947 /* Core */,
				9A8833FE1C8AACCB00747277 /* Base */,
				9AF302071C43861D00FA232D /* UI */,
				9ADF87EE1C3D36DF0021D17C /* App */,
				9AF3E9AF1C3CBB55009DDD15 /* Main.storyboard */,
				9AF3E9B21C3CBB55009DDD15 /* Assets.xcassets */,
				9AF3E9B41C3CBB55009DDD15 /* LaunchScreen.storyboard */,
				9AF3E9B71C3CBB55009DDD15 /* Info.plist */,
				9AF3E9A61C3CBB55009DDD15 /* Supporting Files */,
			);
			path = XXKit;
			sourceTree = "<group>";
		};
		9AF3E9A61C3CBB55009DDD15 /* Supporting Files */ = {
			isa = PBXGroup;
			children = (
				9AF3E9A71C3CBB55009DDD15 /* main.m */,
			);
			name = "Supporting Files";
			sourceTree = "<group>";
		};
		9AF3E9BF1C3CBB55009DDD15 /* XXKitTests */ = {
			isa = PBXGroup;
			children = (
				9AF3E9C01C3CBB55009DDD15 /* XXKitTests.m */,
				9AF3E9C21C3CBB55009DDD15 /* Info.plist */,
			);
			path = XXKitTests;
			sourceTree = "<group>";
		};
		9AF3E9CA1C3CBB55009DDD15 /* XXKitUITests */ = {
			isa = PBXGroup;
			children = (
				9AF3E9CB1C3CBB55009DDD15 /* XXKitUITests.m */,
				9AF3E9CD1C3CBB55009DDD15 /* Info.plist */,
			);
			path = XXKitUITests;
			sourceTree = "<group>";
		};
		9AF41A6E1C881D7A00C17947 /* Core */ = {
			isa = PBXGroup;
			children = (
				9AF41A6F1C881DA200C17947 /* ObjectSwizzleMethod */,
			);
			path = Core;
			sourceTree = "<group>";
		};
		9AF41A6F1C881DA200C17947 /* ObjectSwizzleMethod */ = {
			isa = PBXGroup;
			children = (
				9AF41A701C881DD600C17947 /* UIViewController+SwizzleMethod.h */,
				9AF41A711C881DD600C17947 /* UIViewController+SwizzleMethod.m */,
				9AF4DEF21C89688A00E4CCB0 /* NSObject+SwizzleMethod.h */,
				9AF4DEF31C89688A00E4CCB0 /* NSObject+SwizzleMethod.m */,
			);
			path = ObjectSwizzleMethod;
			sourceTree = "<group>";
		};
		9AF523441C91638400A59967 /* controller */ = {
			isa = PBXGroup;
			children = (
				9AF523451C91638400A59967 /* HomeViewController.h */,
				9AF523461C91638400A59967 /* HomeViewController.m */,
			);
			path = controller;
			sourceTree = "<group>";
		};
		9AF523471C91638400A59967 /* model */ = {
			isa = PBXGroup;
			children = (
				9AF523481C91638400A59967 /* SDAnalogDataGenerator.h */,
				9AF523491C91638400A59967 /* SDAnalogDataGenerator.m */,
				9AF5234A1C91638400A59967 /* XXMessageModel.h */,
				9AF5234B1C91638400A59967 /* XXMessageModel.m */,
			);
			path = model;
			sourceTree = "<group>";
		};
		9AF5234C1C91638400A59967 /* view */ = {
			isa = PBXGroup;
			children = (
				9AF5234D1C91638400A59967 /* HomeTableCell.h */,
				9AF5234E1C91638400A59967 /* HomeTableCell.m */,
			);
			path = view;
			sourceTree = "<group>";
		};
		BF25314DD4D97617C2672B89 /* Pods */ = {
			isa = PBXGroup;
			children = (
				C6B32E2D742FAF463927253D /* Pods.debug.xcconfig */,
				BBBAE1266467850FE6E768E2 /* Pods.release.xcconfig */,
			);
			name = Pods;
			sourceTree = "<group>";
		};
/* End PBXGroup section */

/* Begin PBXNativeTarget section */
		9AF3E9A21C3CBB55009DDD15 /* XXKit */ = {
			isa = PBXNativeTarget;
			buildConfigurationList = 9AF3E9D01C3CBB55009DDD15 /* Build configuration list for PBXNativeTarget "XXKit" */;
			buildPhases = (
				7E31D89AFDCD3491FEE267E0 /* Check Pods Manifest.lock */,
				9AF3E99F1C3CBB55009DDD15 /* Sources */,
				9AF3E9A01C3CBB55009DDD15 /* Frameworks */,
				9AF3E9A11C3CBB55009DDD15 /* Resources */,
				5B2AC0F32EE64C9535C18510 /* Embed Pods Frameworks */,
				493040368D74DF9AF92E4246 /* Copy Pods Resources */,
			);
			buildRules = (
			);
			dependencies = (
			);
			name = XXKit;
			productName = XXKit;
			productReference = 9AF3E9A31C3CBB55009DDD15 /* XXKit.app */;
			productType = "com.apple.product-type.application";
		};
		9AF3E9BB1C3CBB55009DDD15 /* XXKitTests */ = {
			isa = PBXNativeTarget;
			buildConfigurationList = 9AF3E9D31C3CBB55009DDD15 /* Build configuration list for PBXNativeTarget "XXKitTests" */;
			buildPhases = (
				9AF3E9B81C3CBB55009DDD15 /* Sources */,
				9AF3E9B91C3CBB55009DDD15 /* Frameworks */,
				9AF3E9BA1C3CBB55009DDD15 /* Resources */,
			);
			buildRules = (
			);
			dependencies = (
				9AF3E9BE1C3CBB55009DDD15 /* PBXTargetDependency */,
			);
			name = XXKitTests;
			productName = XXKitTests;
			productReference = 9AF3E9BC1C3CBB55009DDD15 /* XXKitTests.xctest */;
			productType = "com.apple.product-type.bundle.unit-test";
		};
		9AF3E9C61C3CBB55009DDD15 /* XXKitUITests */ = {
			isa = PBXNativeTarget;
			buildConfigurationList = 9AF3E9D61C3CBB55009DDD15 /* Build configuration list for PBXNativeTarget "XXKitUITests" */;
			buildPhases = (
				9AF3E9C31C3CBB55009DDD15 /* Sources */,
				9AF3E9C41C3CBB55009DDD15 /* Frameworks */,
				9AF3E9C51C3CBB55009DDD15 /* Resources */,
			);
			buildRules = (
			);
			dependencies = (
				9AF3E9C91C3CBB55009DDD15 /* PBXTargetDependency */,
			);
			name = XXKitUITests;
			productName = XXKitUITests;
			productReference = 9AF3E9C71C3CBB55009DDD15 /* XXKitUITests.xctest */;
			productType = "com.apple.product-type.bundle.ui-testing";
		};
/* End PBXNativeTarget section */

/* Begin PBXProject section */
		9AF3E99B1C3CBB55009DDD15 /* Project object */ = {
			isa = PBXProject;
			attributes = {
				LastUpgradeCheck = 0720;
				ORGANIZATIONNAME = tomxiang;
				TargetAttributes = {
					9AF3E9A21C3CBB55009DDD15 = {
						CreatedOnToolsVersion = 7.2;
						DevelopmentTeam = 7UL3LRJL93;
					};
					9AF3E9BB1C3CBB55009DDD15 = {
						CreatedOnToolsVersion = 7.2;
						DevelopmentTeam = ANJ48A5GCY;
						TestTargetID = 9AF3E9A21C3CBB55009DDD15;
					};
					9AF3E9C61C3CBB55009DDD15 = {
						CreatedOnToolsVersion = 7.2;
						DevelopmentTeam = ANJ48A5GCY;
						TestTargetID = 9AF3E9A21C3CBB55009DDD15;
					};
				};
			};
			buildConfigurationList = 9AF3E99E1C3CBB55009DDD15 /* Build configuration list for PBXProject "XXKit" */;
			compatibilityVersion = "Xcode 3.2";
			developmentRegion = English;
			hasScannedForEncodings = 0;
			knownRegions = (
				en,
				Base,
			);
			mainGroup = 9AF3E99A1C3CBB55009DDD15;
			productRefGroup = 9AF3E9A41C3CBB55009DDD15 /* Products */;
			projectDirPath = "";
			projectRoot = "";
			targets = (
				9AF3E9A21C3CBB55009DDD15 /* XXKit */,
				9AF3E9BB1C3CBB55009DDD15 /* XXKitTests */,
				9AF3E9C61C3CBB55009DDD15 /* XXKitUITests */,
			);
		};
/* End PBXProject section */

/* Begin PBXResourcesBuildPhase section */
		9AF3E9A11C3CBB55009DDD15 /* Resources */ = {
			isa = PBXResourcesBuildPhase;
			buildActionMask = 2147483647;
			files = (
				9AF3E9B61C3CBB55009DDD15 /* LaunchScreen.storyboard in Resources */,
				9A176B2F1CA6CA2F00807EF3 /* table_arrow@2x.png in Resources */,
				9A5190C21CA9001B0091FAD2 /* OSMOCaptureToolView.xib in Resources */,
				9A176B2C1CA6CA2F00807EF3 /* RecordingBkg@2x.png in Resources */,
				9A176B2B1CA6CA2F00807EF3 /* Contents.json in Resources */,
				9A176B381CA6CA2F00807EF3 /* Contents.json in Resources */,
				9A176B271CA6CA2F00807EF3 /* Icon-60@2x.png in Resources */,
				9A176B2A1CA6CA2F00807EF3 /* Contents.json in Resources */,
				9A176B341CA6CA2F00807EF3 /* Contents.json in Resources */,
				9A176DC41CA6D0F800807EF3 /* OSMOPhoneView_landscape.xib in Resources */,
				9A176B391CA6CA2F00807EF3 /* VoiceSearchStartBtnHL@2x.png in Resources */,
				9A176B2D1CA6CA2F00807EF3 /* RecordingBkg@3x.png in Resources */,
				9AF2A2C51C8FD894005FE17F /* SettingViewController.plist in Resources */,
				9A176B301CA6CA2F00807EF3 /* Contents.json in Resources */,
				9A176B281CA6CA2F00807EF3 /* Icon-60@3x.png in Resources */,
				9A176B321CA6CA2F00807EF3 /* Contents.json in Resources */,
				9A176B291CA6CA2F00807EF3 /* Contents.json in Resources */,
				9A176B351CA6CA2F00807EF3 /* VoiceSearchIconHL@2x.png in Resources */,
				9A176B311CA6CA2F00807EF3 /* user_avatar_default@2x.png in Resources */,
				9AF2A2E41C9003C1005FE17F /* DiscoverViewController.plist in Resources */,
				9A176DC51CA6D0F800807EF3 /* OSMOPhoneView_potrait.xib in Resources */,
				9A88342A1C8ACF5700747277 /* DefaultThemeConfig.plist in Resources */,
				9A176B371CA6CA2F00807EF3 /* VoiceSearchStartBtn@2x.png in Resources */,
				9AF3E9B31C3CBB55009DDD15 /* Assets.xcassets in Resources */,
				9AF0BCA91C97FC8900B602C6 /* ContactConfig.plist in Resources */,
				9A176B2E1CA6CA2F00807EF3 /* Contents.json in Resources */,
				9AF3E9B11C3CBB55009DDD15 /* Main.storyboard in Resources */,
				9A176B261CA6CA2F00807EF3 /* Contents.json in Resources */,
				9A176B331CA6CA2F00807EF3 /* VoiceSearchIcon@2x.png in Resources */,
				9A176B361CA6CA2F00807EF3 /* Contents.json in Resources */,
			);
			runOnlyForDeploymentPostprocessing = 0;
		};
		9AF3E9BA1C3CBB55009DDD15 /* Resources */ = {
			isa = PBXResourcesBuildPhase;
			buildActionMask = 2147483647;
			files = (
			);
			runOnlyForDeploymentPostprocessing = 0;
		};
		9AF3E9C51C3CBB55009DDD15 /* Resources */ = {
			isa = PBXResourcesBuildPhase;
			buildActionMask = 2147483647;
			files = (
			);
			runOnlyForDeploymentPostprocessing = 0;
		};
/* End PBXResourcesBuildPhase section */

/* Begin PBXShellScriptBuildPhase section */
		493040368D74DF9AF92E4246 /* Copy Pods Resources */ = {
			isa = PBXShellScriptBuildPhase;
			buildActionMask = 2147483647;
			files = (
			);
			inputPaths = (
			);
			name = "Copy Pods Resources";
			outputPaths = (
			);
			runOnlyForDeploymentPostprocessing = 0;
			shellPath = /bin/sh;
			shellScript = "\"${SRCROOT}/Pods/Target Support Files/Pods/Pods-resources.sh\"\n";
			showEnvVarsInLog = 0;
		};
		5B2AC0F32EE64C9535C18510 /* Embed Pods Frameworks */ = {
			isa = PBXShellScriptBuildPhase;
			buildActionMask = 2147483647;
			files = (
			);
			inputPaths = (
			);
			name = "Embed Pods Frameworks";
			outputPaths = (
			);
			runOnlyForDeploymentPostprocessing = 0;
			shellPath = /bin/sh;
			shellScript = "\"${SRCROOT}/Pods/Target Support Files/Pods/Pods-frameworks.sh\"\n";
			showEnvVarsInLog = 0;
		};
		7E31D89AFDCD3491FEE267E0 /* Check Pods Manifest.lock */ = {
			isa = PBXShellScriptBuildPhase;
			buildActionMask = 2147483647;
			files = (
			);
			inputPaths = (
			);
			name = "Check Pods Manifest.lock";
			outputPaths = (
			);
			runOnlyForDeploymentPostprocessing = 0;
			shellPath = /bin/sh;
			shellScript = "diff \"${PODS_ROOT}/../Podfile.lock\" \"${PODS_ROOT}/Manifest.lock\" > /dev/null\nif [[ $? != 0 ]] ; then\n    cat << EOM\nerror: The sandbox is not in sync with the Podfile.lock. Run 'pod install' or update your CocoaPods installation.\nEOM\n    exit 1\nfi\n";
			showEnvVarsInLog = 0;
		};
/* End PBXShellScriptBuildPhase section */

/* Begin PBXSourcesBuildPhase section */
		9AF3E99F1C3CBB55009DDD15 /* Sources */ = {
			isa = PBXSourcesBuildPhase;
			buildActionMask = 2147483647;
			files = (
				9A88340B1C8AACCB00747277 /* XXTabBar.m in Sources */,
				9AF0BCA71C97E9AF00B602C6 /* ContactViewModel.m in Sources */,
				9AF523511C91638400A59967 /* XXMessageModel.m in Sources */,
				9AF3E9AE1C3CBB55009DDD15 /* ViewController.m in Sources */,
				9A88342D1C8AD4D200747277 /* UITableViewCell+Custom.m in Sources */,
				9A88340E1C8AACCB00747277 /* XXNavigationController.m in Sources */,
				9AF2A2E81C9009AD005FE17F /* XXBaseViewController.m in Sources */,
				9A8834161C8AAF6A00747277 /* UITableView+Global.m in Sources */,
				9AF0BCA01C97E79300B602C6 /* ContactsViewController.m in Sources */,
				9A2535371CABEE0E002ACFD3 /* OSMOStateButton.m in Sources */,
				9A176DC31CA6D0F800807EF3 /* OSMOPhoneView.m in Sources */,
				9AF41A721C881DD600C17947 /* UIViewController+SwizzleMethod.m in Sources */,
				9AF3E9AB1C3CBB55009DDD15 /* AppDelegate.m in Sources */,
				9A8834281C8ACE3400747277 /* XXThemeConfig.m in Sources */,
				9A88340D1C8AACCB00747277 /* XXTabBarItem.m in Sources */,
				9A176D9E1CA6CCCF00807EF3 /* DJIIPhoneCameraModel.m in Sources */,
				9A176D9F1CA6CCCF00807EF3 /* DJIIPhoneCameraView.m in Sources */,
				9A176DA41CA6CCCF00807EF3 /* OSMOIPhoneHandler.m in Sources */,
				9A88340F1C8AACCB00747277 /* XXViewController.m in Sources */,
				9A176DC21CA6D0F800807EF3 /* OSMOPhoneModel.m in Sources */,
				9AF2A2BF1C8FD894005FE17F /* DiscoverViewController.m in Sources */,
				9AF3E9A81C3CBB55009DDD15 /* main.m in Sources */,
				9A25352A1CABA6A0002ACFD3 /* OSMORightSettingView.m in Sources */,
				9A176DC11CA6D0F800807EF3 /* OSMOPhoneEvent.m in Sources */,
				9A7053811CA96D4F00501A72 /* OSMOModeView.m in Sources */,
				9AF2A2C31C8FD894005FE17F /* MineViewController.m in Sources */,
				9A176DA21CA6CCCF00807EF3 /* OSMOIPhoneViewController.m in Sources */,
				9A176D9D1CA6CCCF00807EF3 /* DJICameraIPhoneHandler.m in Sources */,
				9A7053821CA96D4F00501A72 /* OSMOPhotoVideoView.m in Sources */,
				9A88340C1C8AACCB00747277 /* XXTabBarController.m in Sources */,
				9A7053721CA922C900501A72 /* OSMOView.m in Sources */,
				9A25353A1CAC08F5002ACFD3 /* OSMOEventAction.m in Sources */,
				9A176DC61CA6D0F800807EF3 /* OSMOPhoneViewModel.m in Sources */,
				9AF523521C91638400A59967 /* HomeTableCell.m in Sources */,
				9AF2A2EE1C900CEA005FE17F /* XXBaseViewModel.m in Sources */,
				9A7053891CA96E3F00501A72 /* OSMOPlayBackView.m in Sources */,
				9AF5234F1C91638400A59967 /* HomeViewController.m in Sources */,
				9AF4DEF41C89688A00E4CCB0 /* NSObject+SwizzleMethod.m in Sources */,
				9A8834251C8ACD8F00747277 /* XXGlobalColor.m in Sources */,
				9A8834131C8AAF2700747277 /* UIView+Global.m in Sources */,
				9AF2A2EB1C9009D2005FE17F /* XXBaseTableCell.m in Sources */,
				9A7053861CA96DBD00501A72 /* OSMOSwapCaptureView.m in Sources */,
				9AF523501C91638400A59967 /* SDAnalogDataGenerator.m in Sources */,
				9A176DA91CA6CCCF00807EF3 /* OSMOCaptureToolView.m in Sources */,
				9A7053831CA96D4F00501A72 /* OSMOSwitchView.m in Sources */,
				9A176DC01CA6D0F800807EF3 /* OSMOPhoneController.m in Sources */,
			);
			runOnlyForDeploymentPostprocessing = 0;
		};
		9AF3E9B81C3CBB55009DDD15 /* Sources */ = {
			isa = PBXSourcesBuildPhase;
			buildActionMask = 2147483647;
			files = (
				9AF3E9C11C3CBB55009DDD15 /* XXKitTests.m in Sources */,
			);
			runOnlyForDeploymentPostprocessing = 0;
		};
		9AF3E9C31C3CBB55009DDD15 /* Sources */ = {
			isa = PBXSourcesBuildPhase;
			buildActionMask = 2147483647;
			files = (
				9AF3E9CC1C3CBB55009DDD15 /* XXKitUITests.m in Sources */,
			);
			runOnlyForDeploymentPostprocessing = 0;
		};
/* End PBXSourcesBuildPhase section */

/* Begin PBXTargetDependency section */
		9AF3E9BE1C3CBB55009DDD15 /* PBXTargetDependency */ = {
			isa = PBXTargetDependency;
			target = 9AF3E9A21C3CBB55009DDD15 /* XXKit */;
			targetProxy = 9AF3E9BD1C3CBB55009DDD15 /* PBXContainerItemProxy */;
		};
		9AF3E9C91C3CBB55009DDD15 /* PBXTargetDependency */ = {
			isa = PBXTargetDependency;
			target = 9AF3E9A21C3CBB55009DDD15 /* XXKit */;
			targetProxy = 9AF3E9C81C3CBB55009DDD15 /* PBXContainerItemProxy */;
		};
/* End PBXTargetDependency section */

/* Begin PBXVariantGroup section */
		9AF3E9AF1C3CBB55009DDD15 /* Main.storyboard */ = {
			isa = PBXVariantGroup;
			children = (
				9AF3E9B01C3CBB55009DDD15 /* Base */,
			);
			name = Main.storyboard;
			sourceTree = "<group>";
		};
		9AF3E9B41C3CBB55009DDD15 /* LaunchScreen.storyboard */ = {
			isa = PBXVariantGroup;
			children = (
				9AF3E9B51C3CBB55009DDD15 /* Base */,
			);
			name = LaunchScreen.storyboard;
			sourceTree = "<group>";
		};
/* End PBXVariantGroup section */

/* Begin XCBuildConfiguration section */
		9AF3E9CE1C3CBB55009DDD15 /* Debug */ = {
			isa = XCBuildConfiguration;
			buildSettings = {
				ALWAYS_SEARCH_USER_PATHS = YES;
				CLANG_CXX_LANGUAGE_STANDARD = "gnu++0x";
				CLANG_CXX_LIBRARY = "libc++";
				CLANG_ENABLE_MODULES = YES;
				CLANG_ENABLE_OBJC_ARC = YES;
				CLANG_WARN_BOOL_CONVERSION = YES;
				CLANG_WARN_CONSTANT_CONVERSION = YES;
				CLANG_WARN_DIRECT_OBJC_ISA_USAGE = YES_ERROR;
				CLANG_WARN_EMPTY_BODY = YES;
				CLANG_WARN_ENUM_CONVERSION = YES;
				CLANG_WARN_INT_CONVERSION = YES;
				CLANG_WARN_OBJC_ROOT_CLASS = YES_ERROR;
				CLANG_WARN_UNREACHABLE_CODE = YES;
				CLANG_WARN__DUPLICATE_METHOD_MATCH = YES;
				"CODE_SIGN_IDENTITY[sdk=iphoneos*]" = "iPhone Developer";
				COPY_PHASE_STRIP = NO;
				DEBUG_INFORMATION_FORMAT = dwarf;
				ENABLE_STRICT_OBJC_MSGSEND = YES;
				ENABLE_TESTABILITY = YES;
				GCC_C_LANGUAGE_STANDARD = gnu99;
				GCC_DYNAMIC_NO_PIC = NO;
				GCC_NO_COMMON_BLOCKS = YES;
				GCC_OPTIMIZATION_LEVEL = 0;
				GCC_PREPROCESSOR_DEFINITIONS = (
					"DEBUG=1",
					"$(inherited)",
				);
				GCC_WARN_64_TO_32_BIT_CONVERSION = YES;
				GCC_WARN_ABOUT_RETURN_TYPE = YES_ERROR;
				GCC_WARN_UNDECLARED_SELECTOR = YES;
				GCC_WARN_UNINITIALIZED_AUTOS = YES_AGGRESSIVE;
				GCC_WARN_UNUSED_FUNCTION = YES;
				GCC_WARN_UNUSED_VARIABLE = YES;
				HEADER_SEARCH_PATHS = "";
				IPHONEOS_DEPLOYMENT_TARGET = 8.0;
				MTL_ENABLE_DEBUG_INFO = YES;
				ONLY_ACTIVE_ARCH = YES;
				SDKROOT = iphoneos;
			};
			name = Debug;
		};
		9AF3E9CF1C3CBB55009DDD15 /* Release */ = {
			isa = XCBuildConfiguration;
			buildSettings = {
				ALWAYS_SEARCH_USER_PATHS = YES;
				CLANG_CXX_LANGUAGE_STANDARD = "gnu++0x";
				CLANG_CXX_LIBRARY = "libc++";
				CLANG_ENABLE_MODULES = YES;
				CLANG_ENABLE_OBJC_ARC = YES;
				CLANG_WARN_BOOL_CONVERSION = YES;
				CLANG_WARN_CONSTANT_CONVERSION = YES;
				CLANG_WARN_DIRECT_OBJC_ISA_USAGE = YES_ERROR;
				CLANG_WARN_EMPTY_BODY = YES;
				CLANG_WARN_ENUM_CONVERSION = YES;
				CLANG_WARN_INT_CONVERSION = YES;
				CLANG_WARN_OBJC_ROOT_CLASS = YES_ERROR;
				CLANG_WARN_UNREACHABLE_CODE = YES;
				CLANG_WARN__DUPLICATE_METHOD_MATCH = YES;
				"CODE_SIGN_IDENTITY[sdk=iphoneos*]" = "iPhone Developer";
				COPY_PHASE_STRIP = NO;
				DEBUG_INFORMATION_FORMAT = "dwarf-with-dsym";
				ENABLE_NS_ASSERTIONS = NO;
				ENABLE_STRICT_OBJC_MSGSEND = YES;
				GCC_C_LANGUAGE_STANDARD = gnu99;
				GCC_NO_COMMON_BLOCKS = YES;
				GCC_WARN_64_TO_32_BIT_CONVERSION = YES;
				GCC_WARN_ABOUT_RETURN_TYPE = YES_ERROR;
				GCC_WARN_UNDECLARED_SELECTOR = YES;
				GCC_WARN_UNINITIALIZED_AUTOS = YES_AGGRESSIVE;
				GCC_WARN_UNUSED_FUNCTION = YES;
				GCC_WARN_UNUSED_VARIABLE = YES;
				HEADER_SEARCH_PATHS = "";
				IPHONEOS_DEPLOYMENT_TARGET = 8.0;
				MTL_ENABLE_DEBUG_INFO = NO;
				SDKROOT = iphoneos;
				VALIDATE_PRODUCT = YES;
			};
			name = Release;
		};
		9AF3E9D11C3CBB55009DDD15 /* Debug */ = {
			isa = XCBuildConfiguration;
			baseConfigurationReference = C6B32E2D742FAF463927253D /* Pods.debug.xcconfig */;
			buildSettings = {
				ASSETCATALOG_COMPILER_APPICON_NAME = AppIcon;
				ASSETCATALOG_COMPILER_LAUNCHIMAGE_NAME = LaunchImage;
				CODE_SIGN_IDENTITY = "iPhone Developer";
				"CODE_SIGN_IDENTITY[sdk=iphoneos*]" = "iPhone Developer";
				HEADER_SEARCH_PATHS = (
					"$(inherited)",
					"\"${PODS_ROOT}/Headers/Public\"",
					"\"${PODS_ROOT}/Headers/Public/AFNetworking\"",
					"$(PROJECT_DIR)/XXBase/XXBase/",
					"$(PROJECT_DIR)/XXBase/",
					"$(PROJECT_DIR)/XXBase/macro/",
					"$(PROJECT_DIR)/XXBase/uikit/",
					"$(PROJECT_DIR)/XXBase/foundationex/",
					"$(PROJECT_DIR)/XXBase/utility/",
				);
				INFOPLIST_FILE = XXKit/Info.plist;
				IPHONEOS_DEPLOYMENT_TARGET = 8.1;
				LD_RUNPATH_SEARCH_PATHS = "$(inherited) @executable_path/Frameworks";
				LIBRARY_SEARCH_PATHS = (
					"$(inherited)",
					"$(PROJECT_DIR)/XXBase/build/Debug-iphoneos",
					"$(PROJECT_DIR)/build/Debug-iphoneos",
				);
				PRODUCT_BUNDLE_IDENTIFIER = com.dji.pilot.tomxiang;
				PRODUCT_NAME = "$(TARGET_NAME)";
				PROVISIONING_PROFILE = "";
				TARGETED_DEVICE_FAMILY = "1,2";
			};
			name = Debug;
		};
		9AF3E9D21C3CBB55009DDD15 /* Release */ = {
			isa = XCBuildConfiguration;
			baseConfigurationReference = BBBAE1266467850FE6E768E2 /* Pods.release.xcconfig */;
			buildSettings = {
				ASSETCATALOG_COMPILER_APPICON_NAME = AppIcon;
				ASSETCATALOG_COMPILER_LAUNCHIMAGE_NAME = LaunchImage;
				CODE_SIGN_IDENTITY = "iPhone Developer";
				"CODE_SIGN_IDENTITY[sdk=iphoneos*]" = "iPhone Developer";
				HEADER_SEARCH_PATHS = (
					"$(inherited)",
					"\"${PODS_ROOT}/Headers/Public\"",
					"\"${PODS_ROOT}/Headers/Public/AFNetworking\"",
					"$(PROJECT_DIR)/XXBase/XXBase/",
					"$(PROJECT_DIR)/XXBase/",
					"$(PROJECT_DIR)/XXBase/macro/",
					"$(PROJECT_DIR)/XXBase/uikit/",
					"$(PROJECT_DIR)/XXBase/foundationex/",
					"$(PROJECT_DIR)/XXBase/utility/",
				);
				INFOPLIST_FILE = XXKit/Info.plist;
				IPHONEOS_DEPLOYMENT_TARGET = 8.1;
				LD_RUNPATH_SEARCH_PATHS = "$(inherited) @executable_path/Frameworks";
				LIBRARY_SEARCH_PATHS = (
					"$(inherited)",
					"$(PROJECT_DIR)/XXBase/build/Debug-iphoneos",
					"$(PROJECT_DIR)/build/Debug-iphoneos",
				);
				PRODUCT_BUNDLE_IDENTIFIER = com.dji.pilot.tomxiang;
				PRODUCT_NAME = "$(TARGET_NAME)";
				PROVISIONING_PROFILE = "";
				TARGETED_DEVICE_FAMILY = "1,2";
			};
			name = Release;
		};
		9AF3E9D41C3CBB55009DDD15 /* Debug */ = {
			isa = XCBuildConfiguration;
			buildSettings = {
				BUNDLE_LOADER = "$(TEST_HOST)";
				INFOPLIST_FILE = XXKitTests/Info.plist;
				LD_RUNPATH_SEARCH_PATHS = "$(inherited) @executable_path/Frameworks @loader_path/Frameworks";
				PRODUCT_BUNDLE_IDENTIFIER = com.tencent.mqq.XXKitTests;
				PRODUCT_NAME = "$(TARGET_NAME)";
				TEST_HOST = "$(BUILT_PRODUCTS_DIR)/XXKit.app/XXKit";
			};
			name = Debug;
		};
		9AF3E9D51C3CBB55009DDD15 /* Release */ = {
			isa = XCBuildConfiguration;
			buildSettings = {
				BUNDLE_LOADER = "$(TEST_HOST)";
				INFOPLIST_FILE = XXKitTests/Info.plist;
				LD_RUNPATH_SEARCH_PATHS = "$(inherited) @executable_path/Frameworks @loader_path/Frameworks";
				PRODUCT_BUNDLE_IDENTIFIER = com.tencent.mqq.XXKitTests;
				PRODUCT_NAME = "$(TARGET_NAME)";
				TEST_HOST = "$(BUILT_PRODUCTS_DIR)/XXKit.app/XXKit";
			};
			name = Release;
		};
		9AF3E9D71C3CBB55009DDD15 /* Debug */ = {
			isa = XCBuildConfiguration;
			buildSettings = {
				INFOPLIST_FILE = XXKitUITests/Info.plist;
				LD_RUNPATH_SEARCH_PATHS = "$(inherited) @executable_path/Frameworks @loader_path/Frameworks";
				PRODUCT_BUNDLE_IDENTIFIER = com.tencent.mqq.XXKitUITests;
				PRODUCT_NAME = "$(TARGET_NAME)";
				TEST_TARGET_NAME = XXKit;
				USES_XCTRUNNER = YES;
			};
			name = Debug;
		};
		9AF3E9D81C3CBB55009DDD15 /* Release */ = {
			isa = XCBuildConfiguration;
			buildSettings = {
				INFOPLIST_FILE = XXKitUITests/Info.plist;
				LD_RUNPATH_SEARCH_PATHS = "$(inherited) @executable_path/Frameworks @loader_path/Frameworks";
				PRODUCT_BUNDLE_IDENTIFIER = com.tencent.mqq.XXKitUITests;
				PRODUCT_NAME = "$(TARGET_NAME)";
				TEST_TARGET_NAME = XXKit;
				USES_XCTRUNNER = YES;
			};
			name = Release;
		};
/* End XCBuildConfiguration section */

/* Begin XCConfigurationList section */
		9AF3E99E1C3CBB55009DDD15 /* Build configuration list for PBXProject "XXKit" */ = {
			isa = XCConfigurationList;
			buildConfigurations = (
				9AF3E9CE1C3CBB55009DDD15 /* Debug */,
				9AF3E9CF1C3CBB55009DDD15 /* Release */,
			);
			defaultConfigurationIsVisible = 0;
			defaultConfigurationName = Release;
		};
		9AF3E9D01C3CBB55009DDD15 /* Build configuration list for PBXNativeTarget "XXKit" */ = {
			isa = XCConfigurationList;
			buildConfigurations = (
				9AF3E9D11C3CBB55009DDD15 /* Debug */,
				9AF3E9D21C3CBB55009DDD15 /* Release */,
			);
			defaultConfigurationIsVisible = 0;
			defaultConfigurationName = Release;
		};
		9AF3E9D31C3CBB55009DDD15 /* Build configuration list for PBXNativeTarget "XXKitTests" */ = {
			isa = XCConfigurationList;
			buildConfigurations = (
				9AF3E9D41C3CBB55009DDD15 /* Debug */,
				9AF3E9D51C3CBB55009DDD15 /* Release */,
			);
			defaultConfigurationIsVisible = 0;
			defaultConfigurationName = Release;
		};
		9AF3E9D61C3CBB55009DDD15 /* Build configuration list for PBXNativeTarget "XXKitUITests" */ = {
			isa = XCConfigurationList;
			buildConfigurations = (
				9AF3E9D71C3CBB55009DDD15 /* Debug */,
				9AF3E9D81C3CBB55009DDD15 /* Release */,
			);
			defaultConfigurationIsVisible = 0;
			defaultConfigurationName = Release;
		};
/* End XCConfigurationList section */
	};
	rootObject = 9AF3E99B1C3CBB55009DDD15 /* Project object */;
}
